// !$*UTF8*$!
{
	archiveVersion = 1;
	classes = {
	};
	objectVersion = 56;
	objects = {

/* Begin PBXBuildFile section */
		DF0820FE291EBB8600FF4A75 /* SlideUp.swift in Sources */ = {isa = PBXBuildFile; fileRef = DF0820FD291EBB8600FF4A75 /* SlideUp.swift */; };
		DF082100291EBCF800FF4A75 /* SlideUpView.swift in Sources */ = {isa = PBXBuildFile; fileRef = DF0820FF291EBCF800FF4A75 /* SlideUpView.swift */; };
		DF082102291EC5DF00FF4A75 /* MainPage.swift in Sources */ = {isa = PBXBuildFile; fileRef = DF082101291EC5DF00FF4A75 /* MainPage.swift */; };
		DF082104291EC7E800FF4A75 /* ProgressRingView.swift in Sources */ = {isa = PBXBuildFile; fileRef = DF082103291EC7E800FF4A75 /* ProgressRingView.swift */; };
		DF082106291FE7E500FF4A75 /* SlideUpCircle.swift in Sources */ = {isa = PBXBuildFile; fileRef = DF082105291FE7E500FF4A75 /* SlideUpCircle.swift */; };
		DF23215429271F5A005D5698 /* CourseFilterMenuView.swift in Sources */ = {isa = PBXBuildFile; fileRef = DF23215329271F5A005D5698 /* CourseFilterMenuView.swift */; };
		DF23215629271FE2005D5698 /* StatsCardView.swift in Sources */ = {isa = PBXBuildFile; fileRef = DF23215529271FE2005D5698 /* StatsCardView.swift */; };
		DF2321582927208E005D5698 /* ProgressBarStatsView.swift in Sources */ = {isa = PBXBuildFile; fileRef = DF2321572927208E005D5698 /* ProgressBarStatsView.swift */; };
		DF2329D229311C0500E7B363 /* CustomTextField.swift in Sources */ = {isa = PBXBuildFile; fileRef = DF2329D129311C0500E7B363 /* CustomTextField.swift */; };
		DF2329D42931212300E7B363 /* SignUpView.swift in Sources */ = {isa = PBXBuildFile; fileRef = DF2329D32931212300E7B363 /* SignUpView.swift */; };
		DF2329D62931259700E7B363 /* SignUpTopInfoView.swift in Sources */ = {isa = PBXBuildFile; fileRef = DF2329D52931259700E7B363 /* SignUpTopInfoView.swift */; };
		DF2329D829312A5800E7B363 /* SignUpOtherOptionsDividerView.swift in Sources */ = {isa = PBXBuildFile; fileRef = DF2329D729312A5800E7B363 /* SignUpOtherOptionsDividerView.swift */; };
		DF2329DA293167DE00E7B363 /* SignUpErrorView.swift in Sources */ = {isa = PBXBuildFile; fileRef = DF2329D9293167DE00E7B363 /* SignUpErrorView.swift */; };
		DF2329E029327C1B00E7B363 /* SignUpEmailCardView.swift in Sources */ = {isa = PBXBuildFile; fileRef = DF2329DF29327C1B00E7B363 /* SignUpEmailCardView.swift */; };
		DF2329E229327DDB00E7B363 /* SignUpNameCardView.swift in Sources */ = {isa = PBXBuildFile; fileRef = DF2329E129327DDB00E7B363 /* SignUpNameCardView.swift */; };
		DF2329E429327E9000E7B363 /* SignUpLastNameCardView.swift in Sources */ = {isa = PBXBuildFile; fileRef = DF2329E329327E9000E7B363 /* SignUpLastNameCardView.swift */; };
		DF2329E629327EE300E7B363 /* SignUpPasswordCardView.swift in Sources */ = {isa = PBXBuildFile; fileRef = DF2329E529327EE300E7B363 /* SignUpPasswordCardView.swift */; };
		DF2329E82932878600E7B363 /* SignInButtonView.swift in Sources */ = {isa = PBXBuildFile; fileRef = DF2329E72932878600E7B363 /* SignInButtonView.swift */; };
		DF2329EA293287DC00E7B363 /* SignUpButtonView.swift in Sources */ = {isa = PBXBuildFile; fileRef = DF2329E9293287DC00E7B363 /* SignUpButtonView.swift */; };
		DF2329EC2932C6B400E7B363 /* GoogleService-Info.plist in Resources */ = {isa = PBXBuildFile; fileRef = DF2329EB2932C6B400E7B363 /* GoogleService-Info.plist */; };
		DF4FCF9E2923023400D82824 /* StatsCardModifierView.swift in Sources */ = {isa = PBXBuildFile; fileRef = DF4FCF9D2923023400D82824 /* StatsCardModifierView.swift */; };
		DF4FCFA0292302A600D82824 /* CompletedCoursesCardView.swift in Sources */ = {isa = PBXBuildFile; fileRef = DF4FCF9F292302A600D82824 /* CompletedCoursesCardView.swift */; };
		DF4FCFA22923099400D82824 /* RemainingCoursesCardView.swift in Sources */ = {isa = PBXBuildFile; fileRef = DF4FCFA12923099400D82824 /* RemainingCoursesCardView.swift */; };
		DF585A3729551143002E79C1 /* SettingsSubjectListView.swift in Sources */ = {isa = PBXBuildFile; fileRef = DF585A3629551143002E79C1 /* SettingsSubjectListView.swift */; };
		DF616D3B292C43C500727CCB /* FirebaseAnalytics in Frameworks */ = {isa = PBXBuildFile; productRef = DF616D3A292C43C500727CCB /* FirebaseAnalytics */; };
		DF616D3D292C43C500727CCB /* FirebaseAuth in Frameworks */ = {isa = PBXBuildFile; productRef = DF616D3C292C43C500727CCB /* FirebaseAuth */; };
		DF616D3F292C43C500727CCB /* FirebaseFirestore in Frameworks */ = {isa = PBXBuildFile; productRef = DF616D3E292C43C500727CCB /* FirebaseFirestore */; };
		DF616D41292C43C500727CCB /* FirebaseStorage in Frameworks */ = {isa = PBXBuildFile; productRef = DF616D40292C43C500727CCB /* FirebaseStorage */; };
		DF616D46292C454800727CCB /* SignInViewModel.swift in Sources */ = {isa = PBXBuildFile; fileRef = DF616D45292C454800727CCB /* SignInViewModel.swift */; };
		DF616D4E292C559200727CCB /* MainSignInView.swift in Sources */ = {isa = PBXBuildFile; fileRef = DF616D4D292C559200727CCB /* MainSignInView.swift */; };
		DF616D50292D1AA500727CCB /* LoginView.swift in Sources */ = {isa = PBXBuildFile; fileRef = DF616D4F292D1AA500727CCB /* LoginView.swift */; };
		DF616D52292D76E400727CCB /* SignInWithGoogle.swift in Sources */ = {isa = PBXBuildFile; fileRef = DF616D51292D76E400727CCB /* SignInWithGoogle.swift */; };
		DF616D5B292D8EA000727CCB /* LoginOtherOptionsDividerView.swift in Sources */ = {isa = PBXBuildFile; fileRef = DF616D5A292D8EA000727CCB /* LoginOtherOptionsDividerView.swift */; };
		DF616D5F292D8FB700727CCB /* LoginTopInfoView.swift in Sources */ = {isa = PBXBuildFile; fileRef = DF616D5E292D8FB700727CCB /* LoginTopInfoView.swift */; };
		DF92E4112929B83200DB0364 /* TopNavBar.swift in Sources */ = {isa = PBXBuildFile; fileRef = DF92E4102929B83200DB0364 /* TopNavBar.swift */; };
		DF92E4152929BABF00DB0364 /* DestinationView.swift in Sources */ = {isa = PBXBuildFile; fileRef = DF92E4142929BABF00DB0364 /* DestinationView.swift */; };
		DF92E4192929BEF900DB0364 /* Modifiers.swift in Sources */ = {isa = PBXBuildFile; fileRef = DF92E4182929BEF900DB0364 /* Modifiers.swift */; };
		DF9B609128DF4DD100086E9E /* MainPage_FirstLayerView.swift in Sources */ = {isa = PBXBuildFile; fileRef = DF9B609028DF4DD100086E9E /* MainPage_FirstLayerView.swift */; };
		DF9BD55228E247A600C60E12 /* NextEventTopbarText.swift in Sources */ = {isa = PBXBuildFile; fileRef = DF9BD55128E247A600C60E12 /* NextEventTopbarText.swift */; };
		DF9BD55428E2484F00C60E12 /* NoMoreEventsTopbarText.swift in Sources */ = {isa = PBXBuildFile; fileRef = DF9BD55328E2484F00C60E12 /* NoMoreEventsTopbarText.swift */; };
		DF9BD55628E2489300C60E12 /* NoEventsTopbarText.swift in Sources */ = {isa = PBXBuildFile; fileRef = DF9BD55528E2489300C60E12 /* NoEventsTopbarText.swift */; };
		DF9BD55828E248FE00C60E12 /* CurrentEventTopbarText.swift in Sources */ = {isa = PBXBuildFile; fileRef = DF9BD55728E248FE00C60E12 /* CurrentEventTopbarText.swift */; };
		DF9BD55B28E249CA00C60E12 /* NoMoreEventsProgressText.swift in Sources */ = {isa = PBXBuildFile; fileRef = DF9BD55A28E249CA00C60E12 /* NoMoreEventsProgressText.swift */; };
		DF9BD55D28E24A9A00C60E12 /* NextEventProgressText.swift in Sources */ = {isa = PBXBuildFile; fileRef = DF9BD55C28E24A9A00C60E12 /* NextEventProgressText.swift */; };
		DF9BD55F28E24B1000C60E12 /* CurrentEventProgressText.swift in Sources */ = {isa = PBXBuildFile; fileRef = DF9BD55E28E24B1000C60E12 /* CurrentEventProgressText.swift */; };
		DF9BD56128E39CAF00C60E12 /* TopbarText.swift in Sources */ = {isa = PBXBuildFile; fileRef = DF9BD56028E39CAF00C60E12 /* TopbarText.swift */; };
		DF9BD56328E3A59600C60E12 /* ProgressText.swift in Sources */ = {isa = PBXBuildFile; fileRef = DF9BD56228E3A59600C60E12 /* ProgressText.swift */; };
		DF9BD56528E3A63200C60E12 /* NoEventsProgressText.swift in Sources */ = {isa = PBXBuildFile; fileRef = DF9BD56428E3A63200C60E12 /* NoEventsProgressText.swift */; };
		DFA4639E2920401500FC826B /* CourseIconView.swift in Sources */ = {isa = PBXBuildFile; fileRef = DFA4639D2920401500FC826B /* CourseIconView.swift */; };
		DFA463A02920764200FC826B /* CourseCardView.swift in Sources */ = {isa = PBXBuildFile; fileRef = DFA4639F2920764200FC826B /* CourseCardView.swift */; };
		DFA463A22921957C00FC826B /* CourseTimeInfoView.swift in Sources */ = {isa = PBXBuildFile; fileRef = DFA463A12921957C00FC826B /* CourseTimeInfoView.swift */; };
		DFA463A42921960900FC826B /* CourseInfoView.swift in Sources */ = {isa = PBXBuildFile; fileRef = DFA463A32921960900FC826B /* CourseInfoView.swift */; };
		DFA463A72921995A00FC826B /* DayProgressBarView.swift in Sources */ = {isa = PBXBuildFile; fileRef = DFA463A62921995A00FC826B /* DayProgressBarView.swift */; };
		DFA5807029298C2F000790A4 /* FilterTopBarSectionView.swift in Sources */ = {isa = PBXBuildFile; fileRef = DFA5806F29298C2F000790A4 /* FilterTopBarSectionView.swift */; };
		DFB383142932D0DB00A5FCAE /* UserInfoModel.swift in Sources */ = {isa = PBXBuildFile; fileRef = DFB383132932D0DB00A5FCAE /* UserInfoModel.swift */; };
		DFB383172932E84900A5FCAE /* FirebaseFirestoreSwift in Frameworks */ = {isa = PBXBuildFile; productRef = DFB383162932E84900A5FCAE /* FirebaseFirestoreSwift */; };
		DFB3831D2933D27500A5FCAE /* CustomAlert.swift in Sources */ = {isa = PBXBuildFile; fileRef = DFB3831C2933D27500A5FCAE /* CustomAlert.swift */; };
		DFB383212933EB3700A5FCAE /* CustomLoadingView.swift in Sources */ = {isa = PBXBuildFile; fileRef = DFB383202933EB3700A5FCAE /* CustomLoadingView.swift */; };
		DFB38324293436F700A5FCAE /* ForgotPasswordView.swift in Sources */ = {isa = PBXBuildFile; fileRef = DFB38323293436F700A5FCAE /* ForgotPasswordView.swift */; };
		DFB38326293438AD00A5FCAE /* ForgotPasswordTopInfoView.swift in Sources */ = {isa = PBXBuildFile; fileRef = DFB38325293438AD00A5FCAE /* ForgotPasswordTopInfoView.swift */; };
		DFB38328293442C100A5FCAE /* ForgotPasswordSubmitButtonView.swift in Sources */ = {isa = PBXBuildFile; fileRef = DFB38327293442C100A5FCAE /* ForgotPasswordSubmitButtonView.swift */; };
		DFB3832A2934439600A5FCAE /* ForgotPasswordEmailFieldView.swift in Sources */ = {isa = PBXBuildFile; fileRef = DFB383292934439600A5FCAE /* ForgotPasswordEmailFieldView.swift */; };
		DFB9E4D52956780A00AAF116 /* SettingsScheduleInfoView.swift in Sources */ = {isa = PBXBuildFile; fileRef = DFB9E4D42956780A00AAF116 /* SettingsScheduleInfoView.swift */; };
		DFBE4155293966B40088523D /* GoogleSignIn in Frameworks */ = {isa = PBXBuildFile; productRef = DFBE4154293966B40088523D /* GoogleSignIn */; };
		DFBE4157293966B40088523D /* GoogleSignInSwift in Frameworks */ = {isa = PBXBuildFile; productRef = DFBE4156293966B40088523D /* GoogleSignInSwift */; };
		DFC0E52C293575E8008F2457 /* SettingsView.swift in Sources */ = {isa = PBXBuildFile; fileRef = DFC0E52B293575E8008F2457 /* SettingsView.swift */; };
		DFC0E52E29357749008F2457 /* SettingsTopInfoView.swift in Sources */ = {isa = PBXBuildFile; fileRef = DFC0E52D29357749008F2457 /* SettingsTopInfoView.swift */; };
		DFC0E53029357AF1008F2457 /* SettingsCourseCardView.swift in Sources */ = {isa = PBXBuildFile; fileRef = DFC0E52F29357AF1008F2457 /* SettingsCourseCardView.swift */; };
		DFC0E534293592F2008F2457 /* DataHandler.swift in Sources */ = {isa = PBXBuildFile; fileRef = DFC0E533293592F2008F2457 /* DataHandler.swift */; };
		DFCF684A28E0B79400DE77DA /* ColorHandler.swift in Sources */ = {isa = PBXBuildFile; fileRef = DFCF684928E0B79400DE77DA /* ColorHandler.swift */; };
		DFF73B8528DE87D900EF69D1 /* CoursableApp.swift in Sources */ = {isa = PBXBuildFile; fileRef = DFF73B8428DE87D900EF69D1 /* CoursableApp.swift */; };
		DFF73B8728DE87D900EF69D1 /* ContentView.swift in Sources */ = {isa = PBXBuildFile; fileRef = DFF73B8628DE87D900EF69D1 /* ContentView.swift */; };
		DFF73B8928DE87DA00EF69D1 /* Assets.xcassets in Resources */ = {isa = PBXBuildFile; fileRef = DFF73B8828DE87DA00EF69D1 /* Assets.xcassets */; };
		DFF73B8C28DE87DA00EF69D1 /* Preview Assets.xcassets in Resources */ = {isa = PBXBuildFile; fileRef = DFF73B8B28DE87DA00EF69D1 /* Preview Assets.xcassets */; };
		DFF73B9428DE888000EF69D1 /* PeriodModel.swift in Sources */ = {isa = PBXBuildFile; fileRef = DFF73B9328DE888000EF69D1 /* PeriodModel.swift */; };
		DFF73B9828DE89F900EF69D1 /* PeriodViewModel.swift in Sources */ = {isa = PBXBuildFile; fileRef = DFF73B9728DE89F900EF69D1 /* PeriodViewModel.swift */; };
		DFF73B9B28DE8A8700EF69D1 /* Extensions.swift in Sources */ = {isa = PBXBuildFile; fileRef = DFF73B9A28DE8A8700EF69D1 /* Extensions.swift */; };
		DFFB0B9629381D5300124A64 /* AddSubjectView.swift in Sources */ = {isa = PBXBuildFile; fileRef = DFFB0B9529381D5300124A64 /* AddSubjectView.swift */; };
		DFFB0B9829381EB500124A64 /* AddSubjectTopBarView.swift in Sources */ = {isa = PBXBuildFile; fileRef = DFFB0B9729381EB500124A64 /* AddSubjectTopBarView.swift */; };
		DFFB0B9C29382DFE00124A64 /* AddSubjectCustomColorView.swift in Sources */ = {isa = PBXBuildFile; fileRef = DFFB0B9B29382DFE00124A64 /* AddSubjectCustomColorView.swift */; };
/* End PBXBuildFile section */

/* Begin PBXFileReference section */
		DF0820FD291EBB8600FF4A75 /* SlideUp.swift */ = {isa = PBXFileReference; lastKnownFileType = sourcecode.swift; path = SlideUp.swift; sourceTree = "<group>"; };
		DF0820FF291EBCF800FF4A75 /* SlideUpView.swift */ = {isa = PBXFileReference; lastKnownFileType = sourcecode.swift; path = SlideUpView.swift; sourceTree = "<group>"; };
		DF082101291EC5DF00FF4A75 /* MainPage.swift */ = {isa = PBXFileReference; lastKnownFileType = sourcecode.swift; path = MainPage.swift; sourceTree = "<group>"; };
		DF082103291EC7E800FF4A75 /* ProgressRingView.swift */ = {isa = PBXFileReference; lastKnownFileType = sourcecode.swift; path = ProgressRingView.swift; sourceTree = "<group>"; };
		DF082105291FE7E500FF4A75 /* SlideUpCircle.swift */ = {isa = PBXFileReference; lastKnownFileType = sourcecode.swift; path = SlideUpCircle.swift; sourceTree = "<group>"; };
		DF23215329271F5A005D5698 /* CourseFilterMenuView.swift */ = {isa = PBXFileReference; lastKnownFileType = sourcecode.swift; path = CourseFilterMenuView.swift; sourceTree = "<group>"; };
		DF23215529271FE2005D5698 /* StatsCardView.swift */ = {isa = PBXFileReference; lastKnownFileType = sourcecode.swift; path = StatsCardView.swift; sourceTree = "<group>"; };
		DF2321572927208E005D5698 /* ProgressBarStatsView.swift */ = {isa = PBXFileReference; lastKnownFileType = sourcecode.swift; path = ProgressBarStatsView.swift; sourceTree = "<group>"; };
		DF2329D129311C0500E7B363 /* CustomTextField.swift */ = {isa = PBXFileReference; lastKnownFileType = sourcecode.swift; path = CustomTextField.swift; sourceTree = "<group>"; };
		DF2329D32931212300E7B363 /* SignUpView.swift */ = {isa = PBXFileReference; lastKnownFileType = sourcecode.swift; path = SignUpView.swift; sourceTree = "<group>"; };
		DF2329D52931259700E7B363 /* SignUpTopInfoView.swift */ = {isa = PBXFileReference; lastKnownFileType = sourcecode.swift; path = SignUpTopInfoView.swift; sourceTree = "<group>"; };
		DF2329D729312A5800E7B363 /* SignUpOtherOptionsDividerView.swift */ = {isa = PBXFileReference; lastKnownFileType = sourcecode.swift; path = SignUpOtherOptionsDividerView.swift; sourceTree = "<group>"; };
		DF2329D9293167DE00E7B363 /* SignUpErrorView.swift */ = {isa = PBXFileReference; lastKnownFileType = sourcecode.swift; path = SignUpErrorView.swift; sourceTree = "<group>"; };
		DF2329DF29327C1B00E7B363 /* SignUpEmailCardView.swift */ = {isa = PBXFileReference; lastKnownFileType = sourcecode.swift; path = SignUpEmailCardView.swift; sourceTree = "<group>"; };
		DF2329E129327DDB00E7B363 /* SignUpNameCardView.swift */ = {isa = PBXFileReference; lastKnownFileType = sourcecode.swift; path = SignUpNameCardView.swift; sourceTree = "<group>"; };
		DF2329E329327E9000E7B363 /* SignUpLastNameCardView.swift */ = {isa = PBXFileReference; lastKnownFileType = sourcecode.swift; path = SignUpLastNameCardView.swift; sourceTree = "<group>"; };
		DF2329E529327EE300E7B363 /* SignUpPasswordCardView.swift */ = {isa = PBXFileReference; lastKnownFileType = sourcecode.swift; path = SignUpPasswordCardView.swift; sourceTree = "<group>"; };
		DF2329E72932878600E7B363 /* SignInButtonView.swift */ = {isa = PBXFileReference; lastKnownFileType = sourcecode.swift; path = SignInButtonView.swift; sourceTree = "<group>"; };
		DF2329E9293287DC00E7B363 /* SignUpButtonView.swift */ = {isa = PBXFileReference; lastKnownFileType = sourcecode.swift; path = SignUpButtonView.swift; sourceTree = "<group>"; };
		DF2329EB2932C6B400E7B363 /* GoogleService-Info.plist */ = {isa = PBXFileReference; fileEncoding = 4; lastKnownFileType = text.plist.xml; path = "GoogleService-Info.plist"; sourceTree = "<group>"; };
		DF4FCF9D2923023400D82824 /* StatsCardModifierView.swift */ = {isa = PBXFileReference; lastKnownFileType = sourcecode.swift; path = StatsCardModifierView.swift; sourceTree = "<group>"; };
		DF4FCF9F292302A600D82824 /* CompletedCoursesCardView.swift */ = {isa = PBXFileReference; lastKnownFileType = sourcecode.swift; path = CompletedCoursesCardView.swift; sourceTree = "<group>"; };
		DF4FCFA12923099400D82824 /* RemainingCoursesCardView.swift */ = {isa = PBXFileReference; lastKnownFileType = sourcecode.swift; path = RemainingCoursesCardView.swift; sourceTree = "<group>"; };
		DF585A3629551143002E79C1 /* SettingsSubjectListView.swift */ = {isa = PBXFileReference; lastKnownFileType = sourcecode.swift; path = SettingsSubjectListView.swift; sourceTree = "<group>"; };
		DF616D45292C454800727CCB /* SignInViewModel.swift */ = {isa = PBXFileReference; lastKnownFileType = sourcecode.swift; path = SignInViewModel.swift; sourceTree = "<group>"; };
		DF616D4D292C559200727CCB /* MainSignInView.swift */ = {isa = PBXFileReference; lastKnownFileType = sourcecode.swift; path = MainSignInView.swift; sourceTree = "<group>"; };
		DF616D4F292D1AA500727CCB /* LoginView.swift */ = {isa = PBXFileReference; lastKnownFileType = sourcecode.swift; path = LoginView.swift; sourceTree = "<group>"; };
		DF616D51292D76E400727CCB /* SignInWithGoogle.swift */ = {isa = PBXFileReference; lastKnownFileType = sourcecode.swift; path = SignInWithGoogle.swift; sourceTree = "<group>"; };
		DF616D5A292D8EA000727CCB /* LoginOtherOptionsDividerView.swift */ = {isa = PBXFileReference; lastKnownFileType = sourcecode.swift; path = LoginOtherOptionsDividerView.swift; sourceTree = "<group>"; };
		DF616D5E292D8FB700727CCB /* LoginTopInfoView.swift */ = {isa = PBXFileReference; lastKnownFileType = sourcecode.swift; path = LoginTopInfoView.swift; sourceTree = "<group>"; };
		DF92E4102929B83200DB0364 /* TopNavBar.swift */ = {isa = PBXFileReference; lastKnownFileType = sourcecode.swift; path = TopNavBar.swift; sourceTree = "<group>"; };
		DF92E4142929BABF00DB0364 /* DestinationView.swift */ = {isa = PBXFileReference; lastKnownFileType = sourcecode.swift; path = DestinationView.swift; sourceTree = "<group>"; };
		DF92E4162929BEA700DB0364 /* Info.plist */ = {isa = PBXFileReference; lastKnownFileType = text.plist.xml; path = Info.plist; sourceTree = "<group>"; };
		DF92E4182929BEF900DB0364 /* Modifiers.swift */ = {isa = PBXFileReference; lastKnownFileType = sourcecode.swift; path = Modifiers.swift; sourceTree = "<group>"; };
		DF9B609028DF4DD100086E9E /* MainPage_FirstLayerView.swift */ = {isa = PBXFileReference; lastKnownFileType = sourcecode.swift; path = MainPage_FirstLayerView.swift; sourceTree = "<group>"; };
		DF9BD55128E247A600C60E12 /* NextEventTopbarText.swift */ = {isa = PBXFileReference; lastKnownFileType = sourcecode.swift; path = NextEventTopbarText.swift; sourceTree = "<group>"; };
		DF9BD55328E2484F00C60E12 /* NoMoreEventsTopbarText.swift */ = {isa = PBXFileReference; lastKnownFileType = sourcecode.swift; path = NoMoreEventsTopbarText.swift; sourceTree = "<group>"; };
		DF9BD55528E2489300C60E12 /* NoEventsTopbarText.swift */ = {isa = PBXFileReference; lastKnownFileType = sourcecode.swift; path = NoEventsTopbarText.swift; sourceTree = "<group>"; };
		DF9BD55728E248FE00C60E12 /* CurrentEventTopbarText.swift */ = {isa = PBXFileReference; lastKnownFileType = sourcecode.swift; path = CurrentEventTopbarText.swift; sourceTree = "<group>"; };
		DF9BD55A28E249CA00C60E12 /* NoMoreEventsProgressText.swift */ = {isa = PBXFileReference; lastKnownFileType = sourcecode.swift; path = NoMoreEventsProgressText.swift; sourceTree = "<group>"; };
		DF9BD55C28E24A9A00C60E12 /* NextEventProgressText.swift */ = {isa = PBXFileReference; lastKnownFileType = sourcecode.swift; path = NextEventProgressText.swift; sourceTree = "<group>"; };
		DF9BD55E28E24B1000C60E12 /* CurrentEventProgressText.swift */ = {isa = PBXFileReference; lastKnownFileType = sourcecode.swift; path = CurrentEventProgressText.swift; sourceTree = "<group>"; };
		DF9BD56028E39CAF00C60E12 /* TopbarText.swift */ = {isa = PBXFileReference; lastKnownFileType = sourcecode.swift; path = TopbarText.swift; sourceTree = "<group>"; };
		DF9BD56228E3A59600C60E12 /* ProgressText.swift */ = {isa = PBXFileReference; lastKnownFileType = sourcecode.swift; path = ProgressText.swift; sourceTree = "<group>"; };
		DF9BD56428E3A63200C60E12 /* NoEventsProgressText.swift */ = {isa = PBXFileReference; lastKnownFileType = sourcecode.swift; path = NoEventsProgressText.swift; sourceTree = "<group>"; };
		DFA4639D2920401500FC826B /* CourseIconView.swift */ = {isa = PBXFileReference; lastKnownFileType = sourcecode.swift; path = CourseIconView.swift; sourceTree = "<group>"; };
		DFA4639F2920764200FC826B /* CourseCardView.swift */ = {isa = PBXFileReference; lastKnownFileType = sourcecode.swift; path = CourseCardView.swift; sourceTree = "<group>"; };
		DFA463A12921957C00FC826B /* CourseTimeInfoView.swift */ = {isa = PBXFileReference; lastKnownFileType = sourcecode.swift; path = CourseTimeInfoView.swift; sourceTree = "<group>"; };
		DFA463A32921960900FC826B /* CourseInfoView.swift */ = {isa = PBXFileReference; lastKnownFileType = sourcecode.swift; path = CourseInfoView.swift; sourceTree = "<group>"; };
		DFA463A62921995A00FC826B /* DayProgressBarView.swift */ = {isa = PBXFileReference; lastKnownFileType = sourcecode.swift; path = DayProgressBarView.swift; sourceTree = "<group>"; };
		DFA5806F29298C2F000790A4 /* FilterTopBarSectionView.swift */ = {isa = PBXFileReference; lastKnownFileType = sourcecode.swift; path = FilterTopBarSectionView.swift; sourceTree = "<group>"; };
		DFB383132932D0DB00A5FCAE /* UserInfoModel.swift */ = {isa = PBXFileReference; lastKnownFileType = sourcecode.swift; path = UserInfoModel.swift; sourceTree = "<group>"; };
		DFB3831C2933D27500A5FCAE /* CustomAlert.swift */ = {isa = PBXFileReference; lastKnownFileType = sourcecode.swift; path = CustomAlert.swift; sourceTree = "<group>"; };
		DFB383202933EB3700A5FCAE /* CustomLoadingView.swift */ = {isa = PBXFileReference; lastKnownFileType = sourcecode.swift; path = CustomLoadingView.swift; sourceTree = "<group>"; };
		DFB38323293436F700A5FCAE /* ForgotPasswordView.swift */ = {isa = PBXFileReference; lastKnownFileType = sourcecode.swift; path = ForgotPasswordView.swift; sourceTree = "<group>"; };
		DFB38325293438AD00A5FCAE /* ForgotPasswordTopInfoView.swift */ = {isa = PBXFileReference; lastKnownFileType = sourcecode.swift; path = ForgotPasswordTopInfoView.swift; sourceTree = "<group>"; };
		DFB38327293442C100A5FCAE /* ForgotPasswordSubmitButtonView.swift */ = {isa = PBXFileReference; lastKnownFileType = sourcecode.swift; path = ForgotPasswordSubmitButtonView.swift; sourceTree = "<group>"; };
		DFB383292934439600A5FCAE /* ForgotPasswordEmailFieldView.swift */ = {isa = PBXFileReference; lastKnownFileType = sourcecode.swift; path = ForgotPasswordEmailFieldView.swift; sourceTree = "<group>"; };
		DFB9E4D42956780A00AAF116 /* SettingsScheduleInfoView.swift */ = {isa = PBXFileReference; lastKnownFileType = sourcecode.swift; path = SettingsScheduleInfoView.swift; sourceTree = "<group>"; };
		DFC0E52B293575E8008F2457 /* SettingsView.swift */ = {isa = PBXFileReference; lastKnownFileType = sourcecode.swift; path = SettingsView.swift; sourceTree = "<group>"; };
		DFC0E52D29357749008F2457 /* SettingsTopInfoView.swift */ = {isa = PBXFileReference; lastKnownFileType = sourcecode.swift; path = SettingsTopInfoView.swift; sourceTree = "<group>"; };
		DFC0E52F29357AF1008F2457 /* SettingsCourseCardView.swift */ = {isa = PBXFileReference; lastKnownFileType = sourcecode.swift; path = SettingsCourseCardView.swift; sourceTree = "<group>"; };
		DFC0E533293592F2008F2457 /* DataHandler.swift */ = {isa = PBXFileReference; lastKnownFileType = sourcecode.swift; path = DataHandler.swift; sourceTree = "<group>"; };
		DFCF684928E0B79400DE77DA /* ColorHandler.swift */ = {isa = PBXFileReference; lastKnownFileType = sourcecode.swift; path = ColorHandler.swift; sourceTree = "<group>"; };
		DFF73B8128DE87D900EF69D1 /* Coursable.app */ = {isa = PBXFileReference; explicitFileType = wrapper.application; includeInIndex = 0; path = Coursable.app; sourceTree = BUILT_PRODUCTS_DIR; };
		DFF73B8428DE87D900EF69D1 /* CoursableApp.swift */ = {isa = PBXFileReference; lastKnownFileType = sourcecode.swift; path = CoursableApp.swift; sourceTree = "<group>"; };
		DFF73B8628DE87D900EF69D1 /* ContentView.swift */ = {isa = PBXFileReference; lastKnownFileType = sourcecode.swift; path = ContentView.swift; sourceTree = "<group>"; };
		DFF73B8828DE87DA00EF69D1 /* Assets.xcassets */ = {isa = PBXFileReference; lastKnownFileType = folder.assetcatalog; path = Assets.xcassets; sourceTree = "<group>"; };
		DFF73B8B28DE87DA00EF69D1 /* Preview Assets.xcassets */ = {isa = PBXFileReference; lastKnownFileType = folder.assetcatalog; path = "Preview Assets.xcassets"; sourceTree = "<group>"; };
		DFF73B9328DE888000EF69D1 /* PeriodModel.swift */ = {isa = PBXFileReference; lastKnownFileType = sourcecode.swift; path = PeriodModel.swift; sourceTree = "<group>"; };
		DFF73B9728DE89F900EF69D1 /* PeriodViewModel.swift */ = {isa = PBXFileReference; lastKnownFileType = sourcecode.swift; path = PeriodViewModel.swift; sourceTree = "<group>"; };
		DFF73B9A28DE8A8700EF69D1 /* Extensions.swift */ = {isa = PBXFileReference; lastKnownFileType = sourcecode.swift; path = Extensions.swift; sourceTree = "<group>"; };
		DFFB0B9529381D5300124A64 /* AddSubjectView.swift */ = {isa = PBXFileReference; lastKnownFileType = sourcecode.swift; path = AddSubjectView.swift; sourceTree = "<group>"; };
		DFFB0B9729381EB500124A64 /* AddSubjectTopBarView.swift */ = {isa = PBXFileReference; lastKnownFileType = sourcecode.swift; path = AddSubjectTopBarView.swift; sourceTree = "<group>"; };
		DFFB0B9B29382DFE00124A64 /* AddSubjectCustomColorView.swift */ = {isa = PBXFileReference; lastKnownFileType = sourcecode.swift; path = AddSubjectCustomColorView.swift; sourceTree = "<group>"; };
/* End PBXFileReference section */

/* Begin PBXFrameworksBuildPhase section */
		DFF73B7E28DE87D900EF69D1 /* Frameworks */ = {
			isa = PBXFrameworksBuildPhase;
			buildActionMask = 2147483647;
			files = (
				DFB383172932E84900A5FCAE /* FirebaseFirestoreSwift in Frameworks */,
				DF616D3B292C43C500727CCB /* FirebaseAnalytics in Frameworks */,
				DFBE4157293966B40088523D /* GoogleSignInSwift in Frameworks */,
				DF616D41292C43C500727CCB /* FirebaseStorage in Frameworks */,
				DF616D3D292C43C500727CCB /* FirebaseAuth in Frameworks */,
				DF616D3F292C43C500727CCB /* FirebaseFirestore in Frameworks */,
				DFBE4155293966B40088523D /* GoogleSignIn in Frameworks */,
			);
			runOnlyForDeploymentPostprocessing = 0;
		};
/* End PBXFrameworksBuildPhase section */

/* Begin PBXGroup section */
		DF0820FA291EBB2300FF4A75 /* SlideUpView */ = {
			isa = PBXGroup;
			children = (
				DF92E4142929BABF00DB0364 /* DestinationView.swift */,
				DFA5806E29298BE6000790A4 /* FilterSectionViews */,
				DFA5806D29298BCA000790A4 /* SlideUpElements */,
				DFA463A52921992F00FC826B /* StatsViews */,
				DFA4639C29203FFF00FC826B /* CourseListViews */,
			);
			path = SlideUpView;
			sourceTree = "<group>";
		};
		DF2937D6295268C000F85B68 /* CustomTextField */ = {
			isa = PBXGroup;
			children = (
				DF2329D129311C0500E7B363 /* CustomTextField.swift */,
			);
			path = CustomTextField;
			sourceTree = "<group>";
		};
		DF585A352954B094002E79C1 /* Handlers */ = {
			isa = PBXGroup;
			children = (
				DFC0E533293592F2008F2457 /* DataHandler.swift */,
			);
			path = Handlers;
			sourceTree = "<group>";
		};
		DF616D42292C452600727CCB /* SignInViews */ = {
			isa = PBXGroup;
			children = (
				DFB38322293436E100A5FCAE /* ForgotPasswordView */,
				DF616D51292D76E400727CCB /* SignInWithGoogle.swift */,
				DF616D60292D903A00727CCB /* SignUpView */,
				DF616D55292D8D5100727CCB /* LoginInView */,
				DF616D4D292C559200727CCB /* MainSignInView.swift */,
			);
			path = SignInViews;
			sourceTree = "<group>";
		};
		DF616D55292D8D5100727CCB /* LoginInView */ = {
			isa = PBXGroup;
			children = (
				DF616D4F292D1AA500727CCB /* LoginView.swift */,
				DF616D5A292D8EA000727CCB /* LoginOtherOptionsDividerView.swift */,
				DF616D5E292D8FB700727CCB /* LoginTopInfoView.swift */,
				DF2329E72932878600E7B363 /* SignInButtonView.swift */,
			);
			path = LoginInView;
			sourceTree = "<group>";
		};
		DF616D60292D903A00727CCB /* SignUpView */ = {
			isa = PBXGroup;
			children = (
				DF2329D32931212300E7B363 /* SignUpView.swift */,
				DF2329D52931259700E7B363 /* SignUpTopInfoView.swift */,
				DF2329D729312A5800E7B363 /* SignUpOtherOptionsDividerView.swift */,
				DF2329D9293167DE00E7B363 /* SignUpErrorView.swift */,
				DF2329DF29327C1B00E7B363 /* SignUpEmailCardView.swift */,
				DF2329E129327DDB00E7B363 /* SignUpNameCardView.swift */,
				DF2329E329327E9000E7B363 /* SignUpLastNameCardView.swift */,
				DF2329E529327EE300E7B363 /* SignUpPasswordCardView.swift */,
				DF2329E9293287DC00E7B363 /* SignUpButtonView.swift */,
			);
			path = SignUpView;
			sourceTree = "<group>";
		};
		DF6A548C28E208DC00DD0FEC /* MainViews */ = {
			isa = PBXGroup;
			children = (
				DFC0E52A293575DB008F2457 /* SettingsView */,
				DF0820FA291EBB2300FF4A75 /* SlideUpView */,
				DF9BD55028E2445600C60E12 /* TopbarViews */,
				DF9B609028DF4DD100086E9E /* MainPage_FirstLayerView.swift */,
				DF082101291EC5DF00FF4A75 /* MainPage.swift */,
			);
			path = MainViews;
			sourceTree = "<group>";
		};
		DF8A95AD28DF661700802129 /* ProgressRingViews */ = {
			isa = PBXGroup;
			children = (
				DF9BD55928E249B500C60E12 /* ProgressViews */,
				DF082103291EC7E800FF4A75 /* ProgressRingView.swift */,
			);
			path = ProgressRingViews;
			sourceTree = "<group>";
		};
		DF92E4172929BEEE00DB0364 /* ViewModifiers */ = {
			isa = PBXGroup;
			children = (
				DF92E4182929BEF900DB0364 /* Modifiers.swift */,
			);
			path = ViewModifiers;
			sourceTree = "<group>";
		};
		DF9B608F28DF4DC200086E9E /* Views */ = {
			isa = PBXGroup;
			children = (
				DF2937D6295268C000F85B68 /* CustomTextField */,
				DFB3831F2933EB2400A5FCAE /* CustomLoading */,
				DFB3831E2933EB1A00A5FCAE /* CustomAlert */,
				DF616D42292C452600727CCB /* SignInViews */,
				DF92E4172929BEEE00DB0364 /* ViewModifiers */,
				DF6A548C28E208DC00DD0FEC /* MainViews */,
				DF8A95AD28DF661700802129 /* ProgressRingViews */,
			);
			path = Views;
			sourceTree = "<group>";
		};
		DF9BD55028E2445600C60E12 /* TopbarViews */ = {
			isa = PBXGroup;
			children = (
				DF9BD55128E247A600C60E12 /* NextEventTopbarText.swift */,
				DF9BD55328E2484F00C60E12 /* NoMoreEventsTopbarText.swift */,
				DF9BD55528E2489300C60E12 /* NoEventsTopbarText.swift */,
				DF9BD55728E248FE00C60E12 /* CurrentEventTopbarText.swift */,
				DF9BD56028E39CAF00C60E12 /* TopbarText.swift */,
				DF92E4102929B83200DB0364 /* TopNavBar.swift */,
			);
			path = TopbarViews;
			sourceTree = "<group>";
		};
		DF9BD55928E249B500C60E12 /* ProgressViews */ = {
			isa = PBXGroup;
			children = (
				DF9BD55A28E249CA00C60E12 /* NoMoreEventsProgressText.swift */,
				DF9BD55C28E24A9A00C60E12 /* NextEventProgressText.swift */,
				DF9BD55E28E24B1000C60E12 /* CurrentEventProgressText.swift */,
				DF9BD56228E3A59600C60E12 /* ProgressText.swift */,
				DF9BD56428E3A63200C60E12 /* NoEventsProgressText.swift */,
			);
			path = ProgressViews;
			sourceTree = "<group>";
		};
		DFA4639C29203FFF00FC826B /* CourseListViews */ = {
			isa = PBXGroup;
			children = (
				DFA4639D2920401500FC826B /* CourseIconView.swift */,
				DFA4639F2920764200FC826B /* CourseCardView.swift */,
				DFA463A12921957C00FC826B /* CourseTimeInfoView.swift */,
				DFA463A32921960900FC826B /* CourseInfoView.swift */,
			);
			path = CourseListViews;
			sourceTree = "<group>";
		};
		DFA463A52921992F00FC826B /* StatsViews */ = {
			isa = PBXGroup;
			children = (
				DFA463A62921995A00FC826B /* DayProgressBarView.swift */,
				DF4FCF9D2923023400D82824 /* StatsCardModifierView.swift */,
				DF4FCF9F292302A600D82824 /* CompletedCoursesCardView.swift */,
				DF4FCFA12923099400D82824 /* RemainingCoursesCardView.swift */,
				DF23215529271FE2005D5698 /* StatsCardView.swift */,
				DF2321572927208E005D5698 /* ProgressBarStatsView.swift */,
			);
			path = StatsViews;
			sourceTree = "<group>";
		};
		DFA5806D29298BCA000790A4 /* SlideUpElements */ = {
			isa = PBXGroup;
			children = (
				DF0820FD291EBB8600FF4A75 /* SlideUp.swift */,
				DF0820FF291EBCF800FF4A75 /* SlideUpView.swift */,
				DF082105291FE7E500FF4A75 /* SlideUpCircle.swift */,
			);
			path = SlideUpElements;
			sourceTree = "<group>";
		};
		DFA5806E29298BE6000790A4 /* FilterSectionViews */ = {
			isa = PBXGroup;
			children = (
				DF23215329271F5A005D5698 /* CourseFilterMenuView.swift */,
				DFA5806F29298C2F000790A4 /* FilterTopBarSectionView.swift */,
			);
			path = FilterSectionViews;
			sourceTree = "<group>";
		};
		DFB383152932E84900A5FCAE /* Frameworks */ = {
			isa = PBXGroup;
			children = (
			);
			name = Frameworks;
			sourceTree = "<group>";
		};
		DFB3831E2933EB1A00A5FCAE /* CustomAlert */ = {
			isa = PBXGroup;
			children = (
				DFB3831C2933D27500A5FCAE /* CustomAlert.swift */,
			);
			path = CustomAlert;
			sourceTree = "<group>";
		};
		DFB3831F2933EB2400A5FCAE /* CustomLoading */ = {
			isa = PBXGroup;
			children = (
				DFB383202933EB3700A5FCAE /* CustomLoadingView.swift */,
			);
			path = CustomLoading;
			sourceTree = "<group>";
		};
		DFB38322293436E100A5FCAE /* ForgotPasswordView */ = {
			isa = PBXGroup;
			children = (
				DFB38323293436F700A5FCAE /* ForgotPasswordView.swift */,
				DFB38325293438AD00A5FCAE /* ForgotPasswordTopInfoView.swift */,
				DFB38327293442C100A5FCAE /* ForgotPasswordSubmitButtonView.swift */,
				DFB383292934439600A5FCAE /* ForgotPasswordEmailFieldView.swift */,
			);
			path = ForgotPasswordView;
			sourceTree = "<group>";
		};
		DFB9E4D12956775700AAF116 /* SettingsScheduleViews */ = {
			isa = PBXGroup;
			children = (
				DFB9E4D42956780A00AAF116 /* SettingsScheduleInfoView.swift */,
			);
			path = SettingsScheduleViews;
			sourceTree = "<group>";
		};
		DFC0E52A293575DB008F2457 /* SettingsView */ = {
			isa = PBXGroup;
			children = (
				DFB9E4D12956775700AAF116 /* SettingsScheduleViews */,
				DFFB0B9229381D3B00124A64 /* AddSubjectView */,
				DFC0E52B293575E8008F2457 /* SettingsView.swift */,
				DFC0E52D29357749008F2457 /* SettingsTopInfoView.swift */,
				DFC0E52F29357AF1008F2457 /* SettingsCourseCardView.swift */,
				DF585A3629551143002E79C1 /* SettingsSubjectListView.swift */,
			);
			path = SettingsView;
			sourceTree = "<group>";
		};
		DFF73B7828DE87D900EF69D1 = {
			isa = PBXGroup;
			children = (
				DFF73B8328DE87D900EF69D1 /* Coursable */,
				DFF73B8228DE87D900EF69D1 /* Products */,
				DFB383152932E84900A5FCAE /* Frameworks */,
			);
			sourceTree = "<group>";
		};
		DFF73B8228DE87D900EF69D1 /* Products */ = {
			isa = PBXGroup;
			children = (
				DFF73B8128DE87D900EF69D1 /* Coursable.app */,
			);
			name = Products;
			sourceTree = "<group>";
		};
		DFF73B8328DE87D900EF69D1 /* Coursable */ = {
			isa = PBXGroup;
			children = (
				DF2329EB2932C6B400E7B363 /* GoogleService-Info.plist */,
				DF92E4162929BEA700DB0364 /* Info.plist */,
				DF9B608F28DF4DC200086E9E /* Views */,
				DFF73B9928DE8A7D00EF69D1 /* Extensions */,
				DFF73B9628DE899400EF69D1 /* ViewModels */,
				DFF73B9228DE886F00EF69D1 /* Models */,
				DFF73B8428DE87D900EF69D1 /* CoursableApp.swift */,
				DFF73B8628DE87D900EF69D1 /* ContentView.swift */,
				DFF73B8828DE87DA00EF69D1 /* Assets.xcassets */,
				DFF73B8A28DE87DA00EF69D1 /* Preview Content */,
			);
			path = Coursable;
			sourceTree = "<group>";
		};
		DFF73B8A28DE87DA00EF69D1 /* Preview Content */ = {
			isa = PBXGroup;
			children = (
				DFF73B8B28DE87DA00EF69D1 /* Preview Assets.xcassets */,
			);
			path = "Preview Content";
			sourceTree = "<group>";
		};
		DFF73B9228DE886F00EF69D1 /* Models */ = {
			isa = PBXGroup;
			children = (
				DFF73B9328DE888000EF69D1 /* PeriodModel.swift */,
				DFB383132932D0DB00A5FCAE /* UserInfoModel.swift */,
			);
			path = Models;
			sourceTree = "<group>";
		};
		DFF73B9628DE899400EF69D1 /* ViewModels */ = {
			isa = PBXGroup;
			children = (
				DF585A352954B094002E79C1 /* Handlers */,
				DFF73B9728DE89F900EF69D1 /* PeriodViewModel.swift */,
				DF616D45292C454800727CCB /* SignInViewModel.swift */,
			);
			path = ViewModels;
			sourceTree = "<group>";
		};
		DFF73B9928DE8A7D00EF69D1 /* Extensions */ = {
			isa = PBXGroup;
			children = (
				DFF73B9A28DE8A8700EF69D1 /* Extensions.swift */,
				DFCF684928E0B79400DE77DA /* ColorHandler.swift */,
			);
			path = Extensions;
			sourceTree = "<group>";
		};
		DFFB0B9229381D3B00124A64 /* AddSubjectView */ = {
			isa = PBXGroup;
			children = (
				DFFB0B9529381D5300124A64 /* AddSubjectView.swift */,
				DFFB0B9729381EB500124A64 /* AddSubjectTopBarView.swift */,
				DFFB0B9B29382DFE00124A64 /* AddSubjectCustomColorView.swift */,
			);
			path = AddSubjectView;
			sourceTree = "<group>";
		};
/* End PBXGroup section */

/* Begin PBXNativeTarget section */
		DFF73B8028DE87D900EF69D1 /* Coursable */ = {
			isa = PBXNativeTarget;
			buildConfigurationList = DFF73B8F28DE87DA00EF69D1 /* Build configuration list for PBXNativeTarget "Coursable" */;
			buildPhases = (
				DFF73B7D28DE87D900EF69D1 /* Sources */,
				DFF73B7E28DE87D900EF69D1 /* Frameworks */,
				DFF73B7F28DE87D900EF69D1 /* Resources */,
			);
			buildRules = (
			);
			dependencies = (
			);
			name = Coursable;
			packageProductDependencies = (
				DF616D3A292C43C500727CCB /* FirebaseAnalytics */,
				DF616D3C292C43C500727CCB /* FirebaseAuth */,
				DF616D3E292C43C500727CCB /* FirebaseFirestore */,
				DF616D40292C43C500727CCB /* FirebaseStorage */,
				DFB383162932E84900A5FCAE /* FirebaseFirestoreSwift */,
				DFBE4154293966B40088523D /* GoogleSignIn */,
				DFBE4156293966B40088523D /* GoogleSignInSwift */,
			);
			productName = SchoolSchedule;
			productReference = DFF73B8128DE87D900EF69D1 /* Coursable.app */;
			productType = "com.apple.product-type.application";
		};
/* End PBXNativeTarget section */

/* Begin PBXProject section */
		DFF73B7928DE87D900EF69D1 /* Project object */ = {
			isa = PBXProject;
			attributes = {
				BuildIndependentTargetsInParallel = 1;
				LastSwiftUpdateCheck = 1400;
				LastUpgradeCheck = 1400;
				TargetAttributes = {
					DFF73B8028DE87D900EF69D1 = {
						CreatedOnToolsVersion = 14.0;
					};
				};
			};
			buildConfigurationList = DFF73B7C28DE87D900EF69D1 /* Build configuration list for PBXProject "Coursable" */;
			compatibilityVersion = "Xcode 14.0";
			developmentRegion = en;
			hasScannedForEncodings = 0;
			knownRegions = (
				en,
				Base,
			);
			mainGroup = DFF73B7828DE87D900EF69D1;
			packageReferences = (
				DF616D39292C43C500727CCB /* XCRemoteSwiftPackageReference "firebase-ios-sdk" */,
				DFBE4153293966B40088523D /* XCRemoteSwiftPackageReference "GoogleSignIn-iOS" */,
			);
			productRefGroup = DFF73B8228DE87D900EF69D1 /* Products */;
			projectDirPath = "";
			projectRoot = "";
			targets = (
				DFF73B8028DE87D900EF69D1 /* Coursable */,
			);
		};
/* End PBXProject section */

/* Begin PBXResourcesBuildPhase section */
		DFF73B7F28DE87D900EF69D1 /* Resources */ = {
			isa = PBXResourcesBuildPhase;
			buildActionMask = 2147483647;
			files = (
				DFF73B8C28DE87DA00EF69D1 /* Preview Assets.xcassets in Resources */,
				DFF73B8928DE87DA00EF69D1 /* Assets.xcassets in Resources */,
				DF2329EC2932C6B400E7B363 /* GoogleService-Info.plist in Resources */,
			);
			runOnlyForDeploymentPostprocessing = 0;
		};
/* End PBXResourcesBuildPhase section */

/* Begin PBXSourcesBuildPhase section */
		DFF73B7D28DE87D900EF69D1 /* Sources */ = {
			isa = PBXSourcesBuildPhase;
			buildActionMask = 2147483647;
			files = (
				DFB38324293436F700A5FCAE /* ForgotPasswordView.swift in Sources */,
				DF23215629271FE2005D5698 /* StatsCardView.swift in Sources */,
				DF9BD55F28E24B1000C60E12 /* CurrentEventProgressText.swift in Sources */,
				DFA5807029298C2F000790A4 /* FilterTopBarSectionView.swift in Sources */,
				DF9BD56128E39CAF00C60E12 /* TopbarText.swift in Sources */,
				DFC0E53029357AF1008F2457 /* SettingsCourseCardView.swift in Sources */,
				DF92E4192929BEF900DB0364 /* Modifiers.swift in Sources */,
				DF2329EA293287DC00E7B363 /* SignUpButtonView.swift in Sources */,
				DFF73B9B28DE8A8700EF69D1 /* Extensions.swift in Sources */,
				DF2321582927208E005D5698 /* ProgressBarStatsView.swift in Sources */,
				DF4FCFA0292302A600D82824 /* CompletedCoursesCardView.swift in Sources */,
				DF616D46292C454800727CCB /* SignInViewModel.swift in Sources */,
				DFA4639E2920401500FC826B /* CourseIconView.swift in Sources */,
				DF2329D42931212300E7B363 /* SignUpView.swift in Sources */,
				DF92E4152929BABF00DB0364 /* DestinationView.swift in Sources */,
				DF9BD55D28E24A9A00C60E12 /* NextEventProgressText.swift in Sources */,
				DF2329E82932878600E7B363 /* SignInButtonView.swift in Sources */,
				DFC0E52C293575E8008F2457 /* SettingsView.swift in Sources */,
				DF9BD55828E248FE00C60E12 /* CurrentEventTopbarText.swift in Sources */,
				DFCF684A28E0B79400DE77DA /* ColorHandler.swift in Sources */,
				DFA463A02920764200FC826B /* CourseCardView.swift in Sources */,
				DF082100291EBCF800FF4A75 /* SlideUpView.swift in Sources */,
				DF9B609128DF4DD100086E9E /* MainPage_FirstLayerView.swift in Sources */,
				DFFB0B9829381EB500124A64 /* AddSubjectTopBarView.swift in Sources */,
				DFB383142932D0DB00A5FCAE /* UserInfoModel.swift in Sources */,
				DFFB0B9C29382DFE00124A64 /* AddSubjectCustomColorView.swift in Sources */,
				DF616D5B292D8EA000727CCB /* LoginOtherOptionsDividerView.swift in Sources */,
				DF2329E629327EE300E7B363 /* SignUpPasswordCardView.swift in Sources */,
				DF616D5F292D8FB700727CCB /* LoginTopInfoView.swift in Sources */,
				DF616D52292D76E400727CCB /* SignInWithGoogle.swift in Sources */,
				DFF73B9428DE888000EF69D1 /* PeriodModel.swift in Sources */,
				DF2329D829312A5800E7B363 /* SignUpOtherOptionsDividerView.swift in Sources */,
				DFFB0B9629381D5300124A64 /* AddSubjectView.swift in Sources */,
				DF2329D62931259700E7B363 /* SignUpTopInfoView.swift in Sources */,
				DF4FCFA22923099400D82824 /* RemainingCoursesCardView.swift in Sources */,
				DF082104291EC7E800FF4A75 /* ProgressRingView.swift in Sources */,
				DFF73B8728DE87D900EF69D1 /* ContentView.swift in Sources */,
				DF2329E229327DDB00E7B363 /* SignUpNameCardView.swift in Sources */,
				DF2329E029327C1B00E7B363 /* SignUpEmailCardView.swift in Sources */,
				DF082102291EC5DF00FF4A75 /* MainPage.swift in Sources */,
				DF0820FE291EBB8600FF4A75 /* SlideUp.swift in Sources */,
				DF082106291FE7E500FF4A75 /* SlideUpCircle.swift in Sources */,
				DF9BD56328E3A59600C60E12 /* ProgressText.swift in Sources */,
				DFB3831D2933D27500A5FCAE /* CustomAlert.swift in Sources */,
				DFA463A42921960900FC826B /* CourseInfoView.swift in Sources */,
				DF616D50292D1AA500727CCB /* LoginView.swift in Sources */,
				DFA463A72921995A00FC826B /* DayProgressBarView.swift in Sources */,
				DF9BD55628E2489300C60E12 /* NoEventsTopbarText.swift in Sources */,
				DFB38328293442C100A5FCAE /* ForgotPasswordSubmitButtonView.swift in Sources */,
				DFF73B8528DE87D900EF69D1 /* CoursableApp.swift in Sources */,
				DFB38326293438AD00A5FCAE /* ForgotPasswordTopInfoView.swift in Sources */,
				DFA463A22921957C00FC826B /* CourseTimeInfoView.swift in Sources */,
				DF4FCF9E2923023400D82824 /* StatsCardModifierView.swift in Sources */,
				DFC0E534293592F2008F2457 /* DataHandler.swift in Sources */,
				DF9BD55228E247A600C60E12 /* NextEventTopbarText.swift in Sources */,
				DF9BD56528E3A63200C60E12 /* NoEventsProgressText.swift in Sources */,
				DFB383212933EB3700A5FCAE /* CustomLoadingView.swift in Sources */,
				DF585A3729551143002E79C1 /* SettingsSubjectListView.swift in Sources */,
				DF2329DA293167DE00E7B363 /* SignUpErrorView.swift in Sources */,
				DFF73B9828DE89F900EF69D1 /* PeriodViewModel.swift in Sources */,
				DF92E4112929B83200DB0364 /* TopNavBar.swift in Sources */,
				DF9BD55B28E249CA00C60E12 /* NoMoreEventsProgressText.swift in Sources */,
				DF616D4E292C559200727CCB /* MainSignInView.swift in Sources */,
				DFB3832A2934439600A5FCAE /* ForgotPasswordEmailFieldView.swift in Sources */,
				DFC0E52E29357749008F2457 /* SettingsTopInfoView.swift in Sources */,
				DF23215429271F5A005D5698 /* CourseFilterMenuView.swift in Sources */,
				DF2329E429327E9000E7B363 /* SignUpLastNameCardView.swift in Sources */,
				DF9BD55428E2484F00C60E12 /* NoMoreEventsTopbarText.swift in Sources */,
				DFB9E4D52956780A00AAF116 /* SettingsScheduleInfoView.swift in Sources */,
				DF2329D229311C0500E7B363 /* CustomTextField.swift in Sources */,
			);
			runOnlyForDeploymentPostprocessing = 0;
		};
/* End PBXSourcesBuildPhase section */

/* Begin XCBuildConfiguration section */
		DFF73B8D28DE87DA00EF69D1 /* Debug */ = {
			isa = XCBuildConfiguration;
			buildSettings = {
				ALWAYS_SEARCH_USER_PATHS = NO;
				CLANG_ANALYZER_NONNULL = YES;
				CLANG_ANALYZER_NUMBER_OBJECT_CONVERSION = YES_AGGRESSIVE;
				CLANG_CXX_LANGUAGE_STANDARD = "gnu++20";
				CLANG_ENABLE_MODULES = YES;
				CLANG_ENABLE_OBJC_ARC = YES;
				CLANG_ENABLE_OBJC_WEAK = YES;
				CLANG_WARN_BLOCK_CAPTURE_AUTORELEASING = YES;
				CLANG_WARN_BOOL_CONVERSION = YES;
				CLANG_WARN_COMMA = YES;
				CLANG_WARN_CONSTANT_CONVERSION = YES;
				CLANG_WARN_DEPRECATED_OBJC_IMPLEMENTATIONS = YES;
				CLANG_WARN_DIRECT_OBJC_ISA_USAGE = YES_ERROR;
				CLANG_WARN_DOCUMENTATION_COMMENTS = YES;
				CLANG_WARN_EMPTY_BODY = YES;
				CLANG_WARN_ENUM_CONVERSION = YES;
				CLANG_WARN_INFINITE_RECURSION = YES;
				CLANG_WARN_INT_CONVERSION = YES;
				CLANG_WARN_NON_LITERAL_NULL_CONVERSION = YES;
				CLANG_WARN_OBJC_IMPLICIT_RETAIN_SELF = YES;
				CLANG_WARN_OBJC_LITERAL_CONVERSION = YES;
				CLANG_WARN_OBJC_ROOT_CLASS = YES_ERROR;
				CLANG_WARN_QUOTED_INCLUDE_IN_FRAMEWORK_HEADER = YES;
				CLANG_WARN_RANGE_LOOP_ANALYSIS = YES;
				CLANG_WARN_STRICT_PROTOTYPES = YES;
				CLANG_WARN_SUSPICIOUS_MOVE = YES;
				CLANG_WARN_UNGUARDED_AVAILABILITY = YES_AGGRESSIVE;
				CLANG_WARN_UNREACHABLE_CODE = YES;
				CLANG_WARN__DUPLICATE_METHOD_MATCH = YES;
				COPY_PHASE_STRIP = NO;
				DEBUG_INFORMATION_FORMAT = dwarf;
				ENABLE_STRICT_OBJC_MSGSEND = YES;
				ENABLE_TESTABILITY = YES;
				GCC_C_LANGUAGE_STANDARD = gnu11;
				GCC_DYNAMIC_NO_PIC = NO;
				GCC_NO_COMMON_BLOCKS = YES;
				GCC_OPTIMIZATION_LEVEL = 0;
				GCC_PREPROCESSOR_DEFINITIONS = (
					"DEBUG=1",
					"$(inherited)",
				);
				GCC_WARN_64_TO_32_BIT_CONVERSION = YES;
				GCC_WARN_ABOUT_RETURN_TYPE = YES_ERROR;
				GCC_WARN_UNDECLARED_SELECTOR = YES;
				GCC_WARN_UNINITIALIZED_AUTOS = YES_AGGRESSIVE;
				GCC_WARN_UNUSED_FUNCTION = YES;
				GCC_WARN_UNUSED_VARIABLE = YES;
				IPHONEOS_DEPLOYMENT_TARGET = 16.0;
				MTL_ENABLE_DEBUG_INFO = INCLUDE_SOURCE;
				MTL_FAST_MATH = YES;
				ONLY_ACTIVE_ARCH = YES;
				SDKROOT = iphoneos;
				SWIFT_ACTIVE_COMPILATION_CONDITIONS = DEBUG;
				SWIFT_OPTIMIZATION_LEVEL = "-Onone";
			};
			name = Debug;
		};
		DFF73B8E28DE87DA00EF69D1 /* Release */ = {
			isa = XCBuildConfiguration;
			buildSettings = {
				ALWAYS_SEARCH_USER_PATHS = NO;
				CLANG_ANALYZER_NONNULL = YES;
				CLANG_ANALYZER_NUMBER_OBJECT_CONVERSION = YES_AGGRESSIVE;
				CLANG_CXX_LANGUAGE_STANDARD = "gnu++20";
				CLANG_ENABLE_MODULES = YES;
				CLANG_ENABLE_OBJC_ARC = YES;
				CLANG_ENABLE_OBJC_WEAK = YES;
				CLANG_WARN_BLOCK_CAPTURE_AUTORELEASING = YES;
				CLANG_WARN_BOOL_CONVERSION = YES;
				CLANG_WARN_COMMA = YES;
				CLANG_WARN_CONSTANT_CONVERSION = YES;
				CLANG_WARN_DEPRECATED_OBJC_IMPLEMENTATIONS = YES;
				CLANG_WARN_DIRECT_OBJC_ISA_USAGE = YES_ERROR;
				CLANG_WARN_DOCUMENTATION_COMMENTS = YES;
				CLANG_WARN_EMPTY_BODY = YES;
				CLANG_WARN_ENUM_CONVERSION = YES;
				CLANG_WARN_INFINITE_RECURSION = YES;
				CLANG_WARN_INT_CONVERSION = YES;
				CLANG_WARN_NON_LITERAL_NULL_CONVERSION = YES;
				CLANG_WARN_OBJC_IMPLICIT_RETAIN_SELF = YES;
				CLANG_WARN_OBJC_LITERAL_CONVERSION = YES;
				CLANG_WARN_OBJC_ROOT_CLASS = YES_ERROR;
				CLANG_WARN_QUOTED_INCLUDE_IN_FRAMEWORK_HEADER = YES;
				CLANG_WARN_RANGE_LOOP_ANALYSIS = YES;
				CLANG_WARN_STRICT_PROTOTYPES = YES;
				CLANG_WARN_SUSPICIOUS_MOVE = YES;
				CLANG_WARN_UNGUARDED_AVAILABILITY = YES_AGGRESSIVE;
				CLANG_WARN_UNREACHABLE_CODE = YES;
				CLANG_WARN__DUPLICATE_METHOD_MATCH = YES;
				COPY_PHASE_STRIP = NO;
				DEBUG_INFORMATION_FORMAT = "dwarf-with-dsym";
				ENABLE_NS_ASSERTIONS = NO;
				ENABLE_STRICT_OBJC_MSGSEND = YES;
				GCC_C_LANGUAGE_STANDARD = gnu11;
				GCC_NO_COMMON_BLOCKS = YES;
				GCC_WARN_64_TO_32_BIT_CONVERSION = YES;
				GCC_WARN_ABOUT_RETURN_TYPE = YES_ERROR;
				GCC_WARN_UNDECLARED_SELECTOR = YES;
				GCC_WARN_UNINITIALIZED_AUTOS = YES_AGGRESSIVE;
				GCC_WARN_UNUSED_FUNCTION = YES;
				GCC_WARN_UNUSED_VARIABLE = YES;
				IPHONEOS_DEPLOYMENT_TARGET = 16.0;
				MTL_ENABLE_DEBUG_INFO = NO;
				MTL_FAST_MATH = YES;
				SDKROOT = iphoneos;
				SWIFT_COMPILATION_MODE = wholemodule;
				SWIFT_OPTIMIZATION_LEVEL = "-O";
				VALIDATE_PRODUCT = YES;
			};
			name = Release;
		};
		DFF73B9028DE87DA00EF69D1 /* Debug */ = {
			isa = XCBuildConfiguration;
			buildSettings = {
				ASSETCATALOG_COMPILER_APPICON_NAME = AppIcon;
				ASSETCATALOG_COMPILER_GLOBAL_ACCENT_COLOR_NAME = AccentColor;
				CODE_SIGN_STYLE = Automatic;
				CURRENT_PROJECT_VERSION = 1;
				DEVELOPMENT_ASSET_PATHS = "\"Coursable/Preview Content\"";
				DEVELOPMENT_TEAM = 8DTP7GJ5ZJ;
				ENABLE_PREVIEWS = YES;
				GENERATE_INFOPLIST_FILE = YES;
				INFOPLIST_FILE = Coursable/Info.plist;
				INFOPLIST_KEY_CFBundleDisplayName = Coursable;
				INFOPLIST_KEY_UIApplicationSceneManifest_Generation = YES;
				INFOPLIST_KEY_UIApplicationSupportsIndirectInputEvents = YES;
				INFOPLIST_KEY_UILaunchScreen_Generation = YES;
				INFOPLIST_KEY_UIStatusBarStyle = UIStatusBarStyleLightContent;
				INFOPLIST_KEY_UISupportedInterfaceOrientations = "";
				INFOPLIST_KEY_UISupportedInterfaceOrientations_iPad = "UIInterfaceOrientationPortrait UIInterfaceOrientationPortraitUpsideDown UIInterfaceOrientationLandscapeLeft UIInterfaceOrientationLandscapeRight";
				INFOPLIST_KEY_UISupportedInterfaceOrientations_iPhone = UIInterfaceOrientationPortrait;
				LD_RUNPATH_SEARCH_PATHS = (
					"$(inherited)",
					"@executable_path/Frameworks",
				);
				MARKETING_VERSION = 0.1.2;
				PRODUCT_BUNDLE_IDENTIFIER = com.AriReitman.Coursable;
				PRODUCT_NAME = "$(TARGET_NAME)";
				SWIFT_EMIT_LOC_STRINGS = YES;
				SWIFT_VERSION = 5.0;
				TARGETED_DEVICE_FAMILY = "1,2";
			};
			name = Debug;
		};
		DFF73B9128DE87DA00EF69D1 /* Release */ = {
			isa = XCBuildConfiguration;
			buildSettings = {
				ASSETCATALOG_COMPILER_APPICON_NAME = AppIcon;
				ASSETCATALOG_COMPILER_GLOBAL_ACCENT_COLOR_NAME = AccentColor;
				CODE_SIGN_STYLE = Automatic;
				CURRENT_PROJECT_VERSION = 1;
				DEVELOPMENT_ASSET_PATHS = "\"Coursable/Preview Content\"";
				DEVELOPMENT_TEAM = 8DTP7GJ5ZJ;
				ENABLE_PREVIEWS = YES;
				GENERATE_INFOPLIST_FILE = YES;
				INFOPLIST_FILE = Coursable/Info.plist;
				INFOPLIST_KEY_CFBundleDisplayName = Coursable;
				INFOPLIST_KEY_UIApplicationSceneManifest_Generation = YES;
				INFOPLIST_KEY_UIApplicationSupportsIndirectInputEvents = YES;
				INFOPLIST_KEY_UILaunchScreen_Generation = YES;
				INFOPLIST_KEY_UIStatusBarStyle = UIStatusBarStyleLightContent;
				INFOPLIST_KEY_UISupportedInterfaceOrientations = "";
				INFOPLIST_KEY_UISupportedInterfaceOrientations_iPad = "UIInterfaceOrientationPortrait UIInterfaceOrientationPortraitUpsideDown UIInterfaceOrientationLandscapeLeft UIInterfaceOrientationLandscapeRight";
				INFOPLIST_KEY_UISupportedInterfaceOrientations_iPhone = UIInterfaceOrientationPortrait;
				LD_RUNPATH_SEARCH_PATHS = (
					"$(inherited)",
					"@executable_path/Frameworks",
				);
				MARKETING_VERSION = 0.1.2;
				PRODUCT_BUNDLE_IDENTIFIER = com.AriReitman.Coursable;
				PRODUCT_NAME = "$(TARGET_NAME)";
				SWIFT_EMIT_LOC_STRINGS = YES;
				SWIFT_VERSION = 5.0;
				TARGETED_DEVICE_FAMILY = "1,2";
			};
			name = Release;
		};
/* End XCBuildConfiguration section */

/* Begin XCConfigurationList section */
		DFF73B7C28DE87D900EF69D1 /* Build configuration list for PBXProject "Coursable" */ = {
			isa = XCConfigurationList;
			buildConfigurations = (
				DFF73B8D28DE87DA00EF69D1 /* Debug */,
				DFF73B8E28DE87DA00EF69D1 /* Release */,
			);
			defaultConfigurationIsVisible = 0;
			defaultConfigurationName = Release;
		};
		DFF73B8F28DE87DA00EF69D1 /* Build configuration list for PBXNativeTarget "Coursable" */ = {
			isa = XCConfigurationList;
			buildConfigurations = (
				DFF73B9028DE87DA00EF69D1 /* Debug */,
				DFF73B9128DE87DA00EF69D1 /* Release */,
			);
			defaultConfigurationIsVisible = 0;
			defaultConfigurationName = Release;
		};
/* End XCConfigurationList section */

/* Begin XCRemoteSwiftPackageReference section */
		DF616D39292C43C500727CCB /* XCRemoteSwiftPackageReference "firebase-ios-sdk" */ = {
			isa = XCRemoteSwiftPackageReference;
			repositoryURL = "https://github.com/firebase/firebase-ios-sdk";
			requirement = {
				branch = master;
				kind = branch;
			};
		};
		DFBE4153293966B40088523D /* XCRemoteSwiftPackageReference "GoogleSignIn-iOS" */ = {
			isa = XCRemoteSwiftPackageReference;
			repositoryURL = "https://github.com/google/GoogleSignIn-iOS";
			requirement = {
				kind = upToNextMajorVersion;
				minimumVersion = 6.0.0;
			};
		};
/* End XCRemoteSwiftPackageReference section */

/* Begin XCSwiftPackageProductDependency section */
		DF616D3A292C43C500727CCB /* FirebaseAnalytics */ = {
			isa = XCSwiftPackageProductDependency;
			package = DF616D39292C43C500727CCB /* XCRemoteSwiftPackageReference "firebase-ios-sdk" */;
			productName = FirebaseAnalytics;
		};
		DF616D3C292C43C500727CCB /* FirebaseAuth */ = {
			isa = XCSwiftPackageProductDependency;
			package = DF616D39292C43C500727CCB /* XCRemoteSwiftPackageReference "firebase-ios-sdk" */;
			productName = FirebaseAuth;
		};
		DF616D3E292C43C500727CCB /* FirebaseFirestore */ = {
			isa = XCSwiftPackageProductDependency;
			package = DF616D39292C43C500727CCB /* XCRemoteSwiftPackageReference "firebase-ios-sdk" */;
			productName = FirebaseFirestore;
		};
		DF616D40292C43C500727CCB /* FirebaseStorage */ = {
			isa = XCSwiftPackageProductDependency;
			package = DF616D39292C43C500727CCB /* XCRemoteSwiftPackageReference "firebase-ios-sdk" */;
			productName = FirebaseStorage;
		};
		DFB383162932E84900A5FCAE /* FirebaseFirestoreSwift */ = {
			isa = XCSwiftPackageProductDependency;
			package = DF616D39292C43C500727CCB /* XCRemoteSwiftPackageReference "firebase-ios-sdk" */;
			productName = FirebaseFirestoreSwift;
		};
		DFBE4154293966B40088523D /* GoogleSignIn */ = {
			isa = XCSwiftPackageProductDependency;
			package = DFBE4153293966B40088523D /* XCRemoteSwiftPackageReference "GoogleSignIn-iOS" */;
			productName = GoogleSignIn;
		};
		DFBE4156293966B40088523D /* GoogleSignInSwift */ = {
			isa = XCSwiftPackageProductDependency;
			package = DFBE4153293966B40088523D /* XCRemoteSwiftPackageReference "GoogleSignIn-iOS" */;
			productName = GoogleSignInSwift;
		};
/* End XCSwiftPackageProductDependency section */
	};
	rootObject = DFF73B7928DE87D900EF69D1 /* Project object */;
}
