// !$*UTF8*$!
{
	archiveVersion = 1;
	classes = {
	};
	objectVersion = 56;
	objects = {

/* Begin PBXBuildFile section */
		DF0820FC291EBB4E00FF4A75 /* SlideUpViewModifier.swift in Sources */ = {isa = PBXBuildFile; fileRef = DF0820FB291EBB4E00FF4A75 /* SlideUpViewModifier.swift */; };
		DF0820FE291EBB8600FF4A75 /* SlideUp.swift in Sources */ = {isa = PBXBuildFile; fileRef = DF0820FD291EBB8600FF4A75 /* SlideUp.swift */; };
		DF082100291EBCF800FF4A75 /* SlideUpView.swift in Sources */ = {isa = PBXBuildFile; fileRef = DF0820FF291EBCF800FF4A75 /* SlideUpView.swift */; };
		DF082102291EC5DF00FF4A75 /* MainPage.swift in Sources */ = {isa = PBXBuildFile; fileRef = DF082101291EC5DF00FF4A75 /* MainPage.swift */; };
		DF082104291EC7E800FF4A75 /* ProgressRingView.swift in Sources */ = {isa = PBXBuildFile; fileRef = DF082103291EC7E800FF4A75 /* ProgressRingView.swift */; };
		DF082106291FE7E500FF4A75 /* SlideUpCircle.swift in Sources */ = {isa = PBXBuildFile; fileRef = DF082105291FE7E500FF4A75 /* SlideUpCircle.swift */; };
		DF23215429271F5A005D5698 /* CourseFilterMenuView.swift in Sources */ = {isa = PBXBuildFile; fileRef = DF23215329271F5A005D5698 /* CourseFilterMenuView.swift */; };
		DF23215629271FE2005D5698 /* StatsCardView.swift in Sources */ = {isa = PBXBuildFile; fileRef = DF23215529271FE2005D5698 /* StatsCardView.swift */; };
		DF2321582927208E005D5698 /* ProgressBarStatsView.swift in Sources */ = {isa = PBXBuildFile; fileRef = DF2321572927208E005D5698 /* ProgressBarStatsView.swift */; };
		DF4FCF9E2923023400D82824 /* StatsCardModifierView.swift in Sources */ = {isa = PBXBuildFile; fileRef = DF4FCF9D2923023400D82824 /* StatsCardModifierView.swift */; };
		DF4FCFA0292302A600D82824 /* CompletedCoursesCardView.swift in Sources */ = {isa = PBXBuildFile; fileRef = DF4FCF9F292302A600D82824 /* CompletedCoursesCardView.swift */; };
		DF4FCFA22923099400D82824 /* RemainingCoursesCardView.swift in Sources */ = {isa = PBXBuildFile; fileRef = DF4FCFA12923099400D82824 /* RemainingCoursesCardView.swift */; };
		DF616D3B292C43C500727CCB /* FirebaseAnalytics in Frameworks */ = {isa = PBXBuildFile; productRef = DF616D3A292C43C500727CCB /* FirebaseAnalytics */; };
		DF616D3D292C43C500727CCB /* FirebaseAuth in Frameworks */ = {isa = PBXBuildFile; productRef = DF616D3C292C43C500727CCB /* FirebaseAuth */; };
		DF616D3F292C43C500727CCB /* FirebaseFirestore in Frameworks */ = {isa = PBXBuildFile; productRef = DF616D3E292C43C500727CCB /* FirebaseFirestore */; };
		DF616D41292C43C500727CCB /* FirebaseStorage in Frameworks */ = {isa = PBXBuildFile; productRef = DF616D40292C43C500727CCB /* FirebaseStorage */; };
		DF616D46292C454800727CCB /* SignInViewModel.swift in Sources */ = {isa = PBXBuildFile; fileRef = DF616D45292C454800727CCB /* SignInViewModel.swift */; };
		DF616D4A292C49B600727CCB /* GoogleService-Info.plist in Resources */ = {isa = PBXBuildFile; fileRef = DF616D49292C49B600727CCB /* GoogleService-Info.plist */; };
		DF616D4E292C559200727CCB /* MainSignInView.swift in Sources */ = {isa = PBXBuildFile; fileRef = DF616D4D292C559200727CCB /* MainSignInView.swift */; };
		DF616D50292D1AA500727CCB /* LoginView.swift in Sources */ = {isa = PBXBuildFile; fileRef = DF616D4F292D1AA500727CCB /* LoginView.swift */; };
		DF616D52292D76E400727CCB /* SignInWithApple.swift in Sources */ = {isa = PBXBuildFile; fileRef = DF616D51292D76E400727CCB /* SignInWithApple.swift */; };
		DF616D57292D8D7200727CCB /* EmailCardView.swift in Sources */ = {isa = PBXBuildFile; fileRef = DF616D56292D8D7200727CCB /* EmailCardView.swift */; };
		DF616D59292D8E0600727CCB /* PasswordCardView.swift in Sources */ = {isa = PBXBuildFile; fileRef = DF616D58292D8E0600727CCB /* PasswordCardView.swift */; };
		DF616D5B292D8EA000727CCB /* OtherOptionsDividerView.swift in Sources */ = {isa = PBXBuildFile; fileRef = DF616D5A292D8EA000727CCB /* OtherOptionsDividerView.swift */; };
		DF616D5D292D8ED100727CCB /* LoginButtonView.swift in Sources */ = {isa = PBXBuildFile; fileRef = DF616D5C292D8ED100727CCB /* LoginButtonView.swift */; };
		DF616D5F292D8FB700727CCB /* TopInfoLoginView.swift in Sources */ = {isa = PBXBuildFile; fileRef = DF616D5E292D8FB700727CCB /* TopInfoLoginView.swift */; };
		DF616D62292D905400727CCB /* SignUpView.swift in Sources */ = {isa = PBXBuildFile; fileRef = DF616D61292D905400727CCB /* SignUpView.swift */; };
		DF87A66028DF65CC001CE6C6 /* ProgressRing.swift in Sources */ = {isa = PBXBuildFile; fileRef = DF87A65F28DF65CC001CE6C6 /* ProgressRing.swift */; };
		DF92E4112929B83200DB0364 /* TopNavBar.swift in Sources */ = {isa = PBXBuildFile; fileRef = DF92E4102929B83200DB0364 /* TopNavBar.swift */; };
		DF92E4132929B9D100DB0364 /* TopNavBarViewModifier.swift in Sources */ = {isa = PBXBuildFile; fileRef = DF92E4122929B9D100DB0364 /* TopNavBarViewModifier.swift */; };
		DF92E4152929BABF00DB0364 /* DestinationView.swift in Sources */ = {isa = PBXBuildFile; fileRef = DF92E4142929BABF00DB0364 /* DestinationView.swift */; };
		DF92E4192929BEF900DB0364 /* Modifiers.swift in Sources */ = {isa = PBXBuildFile; fileRef = DF92E4182929BEF900DB0364 /* Modifiers.swift */; };
		DF9B609128DF4DD100086E9E /* MainPage_FirstLayerView.swift in Sources */ = {isa = PBXBuildFile; fileRef = DF9B609028DF4DD100086E9E /* MainPage_FirstLayerView.swift */; };
		DF9BD55228E247A600C60E12 /* NextEventTopbarText.swift in Sources */ = {isa = PBXBuildFile; fileRef = DF9BD55128E247A600C60E12 /* NextEventTopbarText.swift */; };
		DF9BD55428E2484F00C60E12 /* NoMoreEventsTopbarText.swift in Sources */ = {isa = PBXBuildFile; fileRef = DF9BD55328E2484F00C60E12 /* NoMoreEventsTopbarText.swift */; };
		DF9BD55628E2489300C60E12 /* NoEventsTopbarText.swift in Sources */ = {isa = PBXBuildFile; fileRef = DF9BD55528E2489300C60E12 /* NoEventsTopbarText.swift */; };
		DF9BD55828E248FE00C60E12 /* CurrentEventTopbarText.swift in Sources */ = {isa = PBXBuildFile; fileRef = DF9BD55728E248FE00C60E12 /* CurrentEventTopbarText.swift */; };
		DF9BD55B28E249CA00C60E12 /* NoMoreEventsProgressText.swift in Sources */ = {isa = PBXBuildFile; fileRef = DF9BD55A28E249CA00C60E12 /* NoMoreEventsProgressText.swift */; };
		DF9BD55D28E24A9A00C60E12 /* NextEventProgressText.swift in Sources */ = {isa = PBXBuildFile; fileRef = DF9BD55C28E24A9A00C60E12 /* NextEventProgressText.swift */; };
		DF9BD55F28E24B1000C60E12 /* CurrentEventProgressText.swift in Sources */ = {isa = PBXBuildFile; fileRef = DF9BD55E28E24B1000C60E12 /* CurrentEventProgressText.swift */; };
		DF9BD56128E39CAF00C60E12 /* TopbarText.swift in Sources */ = {isa = PBXBuildFile; fileRef = DF9BD56028E39CAF00C60E12 /* TopbarText.swift */; };
		DF9BD56328E3A59600C60E12 /* ProgressText.swift in Sources */ = {isa = PBXBuildFile; fileRef = DF9BD56228E3A59600C60E12 /* ProgressText.swift */; };
		DF9BD56528E3A63200C60E12 /* NoEventsProgressText.swift in Sources */ = {isa = PBXBuildFile; fileRef = DF9BD56428E3A63200C60E12 /* NoEventsProgressText.swift */; };
		DFA4639E2920401500FC826B /* CourseIconView.swift in Sources */ = {isa = PBXBuildFile; fileRef = DFA4639D2920401500FC826B /* CourseIconView.swift */; };
		DFA463A02920764200FC826B /* CourseCardView.swift in Sources */ = {isa = PBXBuildFile; fileRef = DFA4639F2920764200FC826B /* CourseCardView.swift */; };
		DFA463A22921957C00FC826B /* CourseTimeInfoView.swift in Sources */ = {isa = PBXBuildFile; fileRef = DFA463A12921957C00FC826B /* CourseTimeInfoView.swift */; };
		DFA463A42921960900FC826B /* CourseInfoView.swift in Sources */ = {isa = PBXBuildFile; fileRef = DFA463A32921960900FC826B /* CourseInfoView.swift */; };
		DFA463A72921995A00FC826B /* DayProgressBarView.swift in Sources */ = {isa = PBXBuildFile; fileRef = DFA463A62921995A00FC826B /* DayProgressBarView.swift */; };
		DFA5807029298C2F000790A4 /* FilterTopBarSectionView.swift in Sources */ = {isa = PBXBuildFile; fileRef = DFA5806F29298C2F000790A4 /* FilterTopBarSectionView.swift */; };
		DFCF684A28E0B79400DE77DA /* ColorHandler.swift in Sources */ = {isa = PBXBuildFile; fileRef = DFCF684928E0B79400DE77DA /* ColorHandler.swift */; };
		DFF73B8528DE87D900EF69D1 /* SchoolScheduleApp.swift in Sources */ = {isa = PBXBuildFile; fileRef = DFF73B8428DE87D900EF69D1 /* SchoolScheduleApp.swift */; };
		DFF73B8728DE87D900EF69D1 /* ContentView.swift in Sources */ = {isa = PBXBuildFile; fileRef = DFF73B8628DE87D900EF69D1 /* ContentView.swift */; };
		DFF73B8928DE87DA00EF69D1 /* Assets.xcassets in Resources */ = {isa = PBXBuildFile; fileRef = DFF73B8828DE87DA00EF69D1 /* Assets.xcassets */; };
		DFF73B8C28DE87DA00EF69D1 /* Preview Assets.xcassets in Resources */ = {isa = PBXBuildFile; fileRef = DFF73B8B28DE87DA00EF69D1 /* Preview Assets.xcassets */; };
		DFF73B9428DE888000EF69D1 /* PeriodModel.swift in Sources */ = {isa = PBXBuildFile; fileRef = DFF73B9328DE888000EF69D1 /* PeriodModel.swift */; };
		DFF73B9828DE89F900EF69D1 /* PeriodViewModel.swift in Sources */ = {isa = PBXBuildFile; fileRef = DFF73B9728DE89F900EF69D1 /* PeriodViewModel.swift */; };
		DFF73B9B28DE8A8700EF69D1 /* Extensions.swift in Sources */ = {isa = PBXBuildFile; fileRef = DFF73B9A28DE8A8700EF69D1 /* Extensions.swift */; };
/* End PBXBuildFile section */

/* Begin PBXFileReference section */
		DF0820FB291EBB4E00FF4A75 /* SlideUpViewModifier.swift */ = {isa = PBXFileReference; lastKnownFileType = sourcecode.swift; path = SlideUpViewModifier.swift; sourceTree = "<group>"; };
		DF0820FD291EBB8600FF4A75 /* SlideUp.swift */ = {isa = PBXFileReference; lastKnownFileType = sourcecode.swift; path = SlideUp.swift; sourceTree = "<group>"; };
		DF0820FF291EBCF800FF4A75 /* SlideUpView.swift */ = {isa = PBXFileReference; lastKnownFileType = sourcecode.swift; path = SlideUpView.swift; sourceTree = "<group>"; };
		DF082101291EC5DF00FF4A75 /* MainPage.swift */ = {isa = PBXFileReference; lastKnownFileType = sourcecode.swift; path = MainPage.swift; sourceTree = "<group>"; };
		DF082103291EC7E800FF4A75 /* ProgressRingView.swift */ = {isa = PBXFileReference; lastKnownFileType = sourcecode.swift; path = ProgressRingView.swift; sourceTree = "<group>"; };
		DF082105291FE7E500FF4A75 /* SlideUpCircle.swift */ = {isa = PBXFileReference; lastKnownFileType = sourcecode.swift; path = SlideUpCircle.swift; sourceTree = "<group>"; };
		DF23215329271F5A005D5698 /* CourseFilterMenuView.swift */ = {isa = PBXFileReference; lastKnownFileType = sourcecode.swift; path = CourseFilterMenuView.swift; sourceTree = "<group>"; };
		DF23215529271FE2005D5698 /* StatsCardView.swift */ = {isa = PBXFileReference; lastKnownFileType = sourcecode.swift; path = StatsCardView.swift; sourceTree = "<group>"; };
		DF2321572927208E005D5698 /* ProgressBarStatsView.swift */ = {isa = PBXFileReference; lastKnownFileType = sourcecode.swift; path = ProgressBarStatsView.swift; sourceTree = "<group>"; };
		DF4FCF9D2923023400D82824 /* StatsCardModifierView.swift */ = {isa = PBXFileReference; lastKnownFileType = sourcecode.swift; path = StatsCardModifierView.swift; sourceTree = "<group>"; };
		DF4FCF9F292302A600D82824 /* CompletedCoursesCardView.swift */ = {isa = PBXFileReference; lastKnownFileType = sourcecode.swift; path = CompletedCoursesCardView.swift; sourceTree = "<group>"; };
		DF4FCFA12923099400D82824 /* RemainingCoursesCardView.swift */ = {isa = PBXFileReference; lastKnownFileType = sourcecode.swift; path = RemainingCoursesCardView.swift; sourceTree = "<group>"; };
		DF616D45292C454800727CCB /* SignInViewModel.swift */ = {isa = PBXFileReference; lastKnownFileType = sourcecode.swift; path = SignInViewModel.swift; sourceTree = "<group>"; };
		DF616D49292C49B600727CCB /* GoogleService-Info.plist */ = {isa = PBXFileReference; fileEncoding = 4; lastKnownFileType = text.plist.xml; path = "GoogleService-Info.plist"; sourceTree = "<group>"; };
		DF616D4D292C559200727CCB /* MainSignInView.swift */ = {isa = PBXFileReference; lastKnownFileType = sourcecode.swift; path = MainSignInView.swift; sourceTree = "<group>"; };
		DF616D4F292D1AA500727CCB /* LoginView.swift */ = {isa = PBXFileReference; lastKnownFileType = sourcecode.swift; path = LoginView.swift; sourceTree = "<group>"; };
		DF616D51292D76E400727CCB /* SignInWithApple.swift */ = {isa = PBXFileReference; lastKnownFileType = sourcecode.swift; path = SignInWithApple.swift; sourceTree = "<group>"; };
		DF616D56292D8D7200727CCB /* EmailCardView.swift */ = {isa = PBXFileReference; lastKnownFileType = sourcecode.swift; path = EmailCardView.swift; sourceTree = "<group>"; };
		DF616D58292D8E0600727CCB /* PasswordCardView.swift */ = {isa = PBXFileReference; lastKnownFileType = sourcecode.swift; path = PasswordCardView.swift; sourceTree = "<group>"; };
		DF616D5A292D8EA000727CCB /* OtherOptionsDividerView.swift */ = {isa = PBXFileReference; lastKnownFileType = sourcecode.swift; path = OtherOptionsDividerView.swift; sourceTree = "<group>"; };
		DF616D5C292D8ED100727CCB /* LoginButtonView.swift */ = {isa = PBXFileReference; lastKnownFileType = sourcecode.swift; path = LoginButtonView.swift; sourceTree = "<group>"; };
		DF616D5E292D8FB700727CCB /* TopInfoLoginView.swift */ = {isa = PBXFileReference; lastKnownFileType = sourcecode.swift; path = TopInfoLoginView.swift; sourceTree = "<group>"; };
		DF616D61292D905400727CCB /* SignUpView.swift */ = {isa = PBXFileReference; lastKnownFileType = sourcecode.swift; path = SignUpView.swift; sourceTree = "<group>"; };
		DF87A65F28DF65CC001CE6C6 /* ProgressRing.swift */ = {isa = PBXFileReference; lastKnownFileType = sourcecode.swift; path = ProgressRing.swift; sourceTree = "<group>"; };
		DF92E4102929B83200DB0364 /* TopNavBar.swift */ = {isa = PBXFileReference; lastKnownFileType = sourcecode.swift; path = TopNavBar.swift; sourceTree = "<group>"; };
		DF92E4122929B9D100DB0364 /* TopNavBarViewModifier.swift */ = {isa = PBXFileReference; lastKnownFileType = sourcecode.swift; path = TopNavBarViewModifier.swift; sourceTree = "<group>"; };
		DF92E4142929BABF00DB0364 /* DestinationView.swift */ = {isa = PBXFileReference; lastKnownFileType = sourcecode.swift; path = DestinationView.swift; sourceTree = "<group>"; };
		DF92E4162929BEA700DB0364 /* Info.plist */ = {isa = PBXFileReference; lastKnownFileType = text.plist.xml; path = Info.plist; sourceTree = "<group>"; };
		DF92E4182929BEF900DB0364 /* Modifiers.swift */ = {isa = PBXFileReference; lastKnownFileType = sourcecode.swift; path = Modifiers.swift; sourceTree = "<group>"; };
		DF9B609028DF4DD100086E9E /* MainPage_FirstLayerView.swift */ = {isa = PBXFileReference; lastKnownFileType = sourcecode.swift; path = MainPage_FirstLayerView.swift; sourceTree = "<group>"; };
		DF9BD55128E247A600C60E12 /* NextEventTopbarText.swift */ = {isa = PBXFileReference; lastKnownFileType = sourcecode.swift; path = NextEventTopbarText.swift; sourceTree = "<group>"; };
		DF9BD55328E2484F00C60E12 /* NoMoreEventsTopbarText.swift */ = {isa = PBXFileReference; lastKnownFileType = sourcecode.swift; path = NoMoreEventsTopbarText.swift; sourceTree = "<group>"; };
		DF9BD55528E2489300C60E12 /* NoEventsTopbarText.swift */ = {isa = PBXFileReference; lastKnownFileType = sourcecode.swift; path = NoEventsTopbarText.swift; sourceTree = "<group>"; };
		DF9BD55728E248FE00C60E12 /* CurrentEventTopbarText.swift */ = {isa = PBXFileReference; lastKnownFileType = sourcecode.swift; path = CurrentEventTopbarText.swift; sourceTree = "<group>"; };
		DF9BD55A28E249CA00C60E12 /* NoMoreEventsProgressText.swift */ = {isa = PBXFileReference; lastKnownFileType = sourcecode.swift; path = NoMoreEventsProgressText.swift; sourceTree = "<group>"; };
		DF9BD55C28E24A9A00C60E12 /* NextEventProgressText.swift */ = {isa = PBXFileReference; lastKnownFileType = sourcecode.swift; path = NextEventProgressText.swift; sourceTree = "<group>"; };
		DF9BD55E28E24B1000C60E12 /* CurrentEventProgressText.swift */ = {isa = PBXFileReference; lastKnownFileType = sourcecode.swift; path = CurrentEventProgressText.swift; sourceTree = "<group>"; };
		DF9BD56028E39CAF00C60E12 /* TopbarText.swift */ = {isa = PBXFileReference; lastKnownFileType = sourcecode.swift; path = TopbarText.swift; sourceTree = "<group>"; };
		DF9BD56228E3A59600C60E12 /* ProgressText.swift */ = {isa = PBXFileReference; lastKnownFileType = sourcecode.swift; path = ProgressText.swift; sourceTree = "<group>"; };
		DF9BD56428E3A63200C60E12 /* NoEventsProgressText.swift */ = {isa = PBXFileReference; lastKnownFileType = sourcecode.swift; path = NoEventsProgressText.swift; sourceTree = "<group>"; };
		DFA4639D2920401500FC826B /* CourseIconView.swift */ = {isa = PBXFileReference; lastKnownFileType = sourcecode.swift; path = CourseIconView.swift; sourceTree = "<group>"; };
		DFA4639F2920764200FC826B /* CourseCardView.swift */ = {isa = PBXFileReference; lastKnownFileType = sourcecode.swift; path = CourseCardView.swift; sourceTree = "<group>"; };
		DFA463A12921957C00FC826B /* CourseTimeInfoView.swift */ = {isa = PBXFileReference; lastKnownFileType = sourcecode.swift; path = CourseTimeInfoView.swift; sourceTree = "<group>"; };
		DFA463A32921960900FC826B /* CourseInfoView.swift */ = {isa = PBXFileReference; lastKnownFileType = sourcecode.swift; path = CourseInfoView.swift; sourceTree = "<group>"; };
		DFA463A62921995A00FC826B /* DayProgressBarView.swift */ = {isa = PBXFileReference; lastKnownFileType = sourcecode.swift; path = DayProgressBarView.swift; sourceTree = "<group>"; };
		DFA5806F29298C2F000790A4 /* FilterTopBarSectionView.swift */ = {isa = PBXFileReference; lastKnownFileType = sourcecode.swift; path = FilterTopBarSectionView.swift; sourceTree = "<group>"; };
		DFCF684928E0B79400DE77DA /* ColorHandler.swift */ = {isa = PBXFileReference; lastKnownFileType = sourcecode.swift; path = ColorHandler.swift; sourceTree = "<group>"; };
		DFF73B8128DE87D900EF69D1 /* SchoolSchedule.app */ = {isa = PBXFileReference; explicitFileType = wrapper.application; includeInIndex = 0; path = SchoolSchedule.app; sourceTree = BUILT_PRODUCTS_DIR; };
		DFF73B8428DE87D900EF69D1 /* SchoolScheduleApp.swift */ = {isa = PBXFileReference; lastKnownFileType = sourcecode.swift; path = SchoolScheduleApp.swift; sourceTree = "<group>"; };
		DFF73B8628DE87D900EF69D1 /* ContentView.swift */ = {isa = PBXFileReference; lastKnownFileType = sourcecode.swift; path = ContentView.swift; sourceTree = "<group>"; };
		DFF73B8828DE87DA00EF69D1 /* Assets.xcassets */ = {isa = PBXFileReference; lastKnownFileType = folder.assetcatalog; path = Assets.xcassets; sourceTree = "<group>"; };
		DFF73B8B28DE87DA00EF69D1 /* Preview Assets.xcassets */ = {isa = PBXFileReference; lastKnownFileType = folder.assetcatalog; path = "Preview Assets.xcassets"; sourceTree = "<group>"; };
		DFF73B9328DE888000EF69D1 /* PeriodModel.swift */ = {isa = PBXFileReference; lastKnownFileType = sourcecode.swift; path = PeriodModel.swift; sourceTree = "<group>"; };
		DFF73B9728DE89F900EF69D1 /* PeriodViewModel.swift */ = {isa = PBXFileReference; lastKnownFileType = sourcecode.swift; path = PeriodViewModel.swift; sourceTree = "<group>"; };
		DFF73B9A28DE8A8700EF69D1 /* Extensions.swift */ = {isa = PBXFileReference; lastKnownFileType = sourcecode.swift; path = Extensions.swift; sourceTree = "<group>"; };
/* End PBXFileReference section */

/* Begin PBXFrameworksBuildPhase section */
		DFF73B7E28DE87D900EF69D1 /* Frameworks */ = {
			isa = PBXFrameworksBuildPhase;
			buildActionMask = 2147483647;
			files = (
				DF616D3B292C43C500727CCB /* FirebaseAnalytics in Frameworks */,
				DF616D41292C43C500727CCB /* FirebaseStorage in Frameworks */,
				DF616D3D292C43C500727CCB /* FirebaseAuth in Frameworks */,
				DF616D3F292C43C500727CCB /* FirebaseFirestore in Frameworks */,
			);
			runOnlyForDeploymentPostprocessing = 0;
		};
/* End PBXFrameworksBuildPhase section */

/* Begin PBXGroup section */
		DF0820FA291EBB2300FF4A75 /* SlideUpView */ = {
			isa = PBXGroup;
			children = (
				DF92E4142929BABF00DB0364 /* DestinationView.swift */,
				DFA5806E29298BE6000790A4 /* FilterSectionViews */,
				DFA5806D29298BCA000790A4 /* SlideUpElements */,
				DFA463A52921992F00FC826B /* StatsViews */,
				DFA4639C29203FFF00FC826B /* CourseListViews */,
			);
			path = SlideUpView;
			sourceTree = "<group>";
		};
		DF616D42292C452600727CCB /* SignInViews */ = {
			isa = PBXGroup;
			children = (
				DF616D60292D903A00727CCB /* SignUpView */,
				DF616D55292D8D5100727CCB /* LoginInView */,
				DF616D4D292C559200727CCB /* MainSignInView.swift */,
				DF616D51292D76E400727CCB /* SignInWithApple.swift */,
			);
			path = SignInViews;
			sourceTree = "<group>";
		};
		DF616D55292D8D5100727CCB /* LoginInView */ = {
			isa = PBXGroup;
			children = (
				DF616D4F292D1AA500727CCB /* LoginView.swift */,
				DF616D56292D8D7200727CCB /* EmailCardView.swift */,
				DF616D58292D8E0600727CCB /* PasswordCardView.swift */,
				DF616D5A292D8EA000727CCB /* OtherOptionsDividerView.swift */,
				DF616D5C292D8ED100727CCB /* LoginButtonView.swift */,
				DF616D5E292D8FB700727CCB /* TopInfoLoginView.swift */,
			);
			path = LoginInView;
			sourceTree = "<group>";
		};
		DF616D60292D903A00727CCB /* SignUpView */ = {
			isa = PBXGroup;
			children = (
				DF616D61292D905400727CCB /* SignUpView.swift */,
			);
			path = SignUpView;
			sourceTree = "<group>";
		};
		DF6A548C28E208DC00DD0FEC /* MainViews */ = {
			isa = PBXGroup;
			children = (
				DF0820FA291EBB2300FF4A75 /* SlideUpView */,
				DF9BD55028E2445600C60E12 /* TopbarViews */,
				DF9B609028DF4DD100086E9E /* MainPage_FirstLayerView.swift */,
				DF082101291EC5DF00FF4A75 /* MainPage.swift */,
			);
			path = MainViews;
			sourceTree = "<group>";
		};
		DF8A95AD28DF661700802129 /* ProgressRingViews */ = {
			isa = PBXGroup;
			children = (
				DF9BD55928E249B500C60E12 /* ProgressViews */,
				DF87A65F28DF65CC001CE6C6 /* ProgressRing.swift */,
				DF082103291EC7E800FF4A75 /* ProgressRingView.swift */,
			);
			path = ProgressRingViews;
			sourceTree = "<group>";
		};
		DF92E4172929BEEE00DB0364 /* ViewModifiers */ = {
			isa = PBXGroup;
			children = (
				DF92E4182929BEF900DB0364 /* Modifiers.swift */,
			);
			path = ViewModifiers;
			sourceTree = "<group>";
		};
		DF9B608F28DF4DC200086E9E /* Views */ = {
			isa = PBXGroup;
			children = (
				DF616D42292C452600727CCB /* SignInViews */,
				DF92E4172929BEEE00DB0364 /* ViewModifiers */,
				DF6A548C28E208DC00DD0FEC /* MainViews */,
				DF8A95AD28DF661700802129 /* ProgressRingViews */,
			);
			path = Views;
			sourceTree = "<group>";
		};
		DF9BD55028E2445600C60E12 /* TopbarViews */ = {
			isa = PBXGroup;
			children = (
				DF9BD55128E247A600C60E12 /* NextEventTopbarText.swift */,
				DF9BD55328E2484F00C60E12 /* NoMoreEventsTopbarText.swift */,
				DF9BD55528E2489300C60E12 /* NoEventsTopbarText.swift */,
				DF9BD55728E248FE00C60E12 /* CurrentEventTopbarText.swift */,
				DF9BD56028E39CAF00C60E12 /* TopbarText.swift */,
				DF92E4102929B83200DB0364 /* TopNavBar.swift */,
				DF92E4122929B9D100DB0364 /* TopNavBarViewModifier.swift */,
			);
			path = TopbarViews;
			sourceTree = "<group>";
		};
		DF9BD55928E249B500C60E12 /* ProgressViews */ = {
			isa = PBXGroup;
			children = (
				DF9BD55A28E249CA00C60E12 /* NoMoreEventsProgressText.swift */,
				DF9BD55C28E24A9A00C60E12 /* NextEventProgressText.swift */,
				DF9BD55E28E24B1000C60E12 /* CurrentEventProgressText.swift */,
				DF9BD56228E3A59600C60E12 /* ProgressText.swift */,
				DF9BD56428E3A63200C60E12 /* NoEventsProgressText.swift */,
			);
			path = ProgressViews;
			sourceTree = "<group>";
		};
		DFA4639C29203FFF00FC826B /* CourseListViews */ = {
			isa = PBXGroup;
			children = (
				DFA4639D2920401500FC826B /* CourseIconView.swift */,
				DFA4639F2920764200FC826B /* CourseCardView.swift */,
				DFA463A12921957C00FC826B /* CourseTimeInfoView.swift */,
				DFA463A32921960900FC826B /* CourseInfoView.swift */,
			);
			path = CourseListViews;
			sourceTree = "<group>";
		};
		DFA463A52921992F00FC826B /* StatsViews */ = {
			isa = PBXGroup;
			children = (
				DFA463A62921995A00FC826B /* DayProgressBarView.swift */,
				DF4FCF9D2923023400D82824 /* StatsCardModifierView.swift */,
				DF4FCF9F292302A600D82824 /* CompletedCoursesCardView.swift */,
				DF4FCFA12923099400D82824 /* RemainingCoursesCardView.swift */,
				DF23215529271FE2005D5698 /* StatsCardView.swift */,
				DF2321572927208E005D5698 /* ProgressBarStatsView.swift */,
			);
			path = StatsViews;
			sourceTree = "<group>";
		};
		DFA5806D29298BCA000790A4 /* SlideUpElements */ = {
			isa = PBXGroup;
			children = (
				DF0820FB291EBB4E00FF4A75 /* SlideUpViewModifier.swift */,
				DF0820FD291EBB8600FF4A75 /* SlideUp.swift */,
				DF0820FF291EBCF800FF4A75 /* SlideUpView.swift */,
				DF082105291FE7E500FF4A75 /* SlideUpCircle.swift */,
			);
			path = SlideUpElements;
			sourceTree = "<group>";
		};
		DFA5806E29298BE6000790A4 /* FilterSectionViews */ = {
			isa = PBXGroup;
			children = (
				DF23215329271F5A005D5698 /* CourseFilterMenuView.swift */,
				DFA5806F29298C2F000790A4 /* FilterTopBarSectionView.swift */,
			);
			path = FilterSectionViews;
			sourceTree = "<group>";
		};
		DFF73B7828DE87D900EF69D1 = {
			isa = PBXGroup;
			children = (
				DFF73B8328DE87D900EF69D1 /* SchoolSchedule */,
				DFF73B8228DE87D900EF69D1 /* Products */,
			);
			sourceTree = "<group>";
		};
		DFF73B8228DE87D900EF69D1 /* Products */ = {
			isa = PBXGroup;
			children = (
				DFF73B8128DE87D900EF69D1 /* SchoolSchedule.app */,
			);
			name = Products;
			sourceTree = "<group>";
		};
		DFF73B8328DE87D900EF69D1 /* SchoolSchedule */ = {
			isa = PBXGroup;
			children = (
				DF616D49292C49B600727CCB /* GoogleService-Info.plist */,
				DF92E4162929BEA700DB0364 /* Info.plist */,
				DF9B608F28DF4DC200086E9E /* Views */,
				DFF73B9928DE8A7D00EF69D1 /* Extensions */,
				DFF73B9628DE899400EF69D1 /* ViewModels */,
				DFF73B9228DE886F00EF69D1 /* Models */,
				DFF73B8428DE87D900EF69D1 /* SchoolScheduleApp.swift */,
				DFF73B8628DE87D900EF69D1 /* ContentView.swift */,
				DFF73B8828DE87DA00EF69D1 /* Assets.xcassets */,
				DFF73B8A28DE87DA00EF69D1 /* Preview Content */,
			);
			path = SchoolSchedule;
			sourceTree = "<group>";
		};
		DFF73B8A28DE87DA00EF69D1 /* Preview Content */ = {
			isa = PBXGroup;
			children = (
				DFF73B8B28DE87DA00EF69D1 /* Preview Assets.xcassets */,
			);
			path = "Preview Content";
			sourceTree = "<group>";
		};
		DFF73B9228DE886F00EF69D1 /* Models */ = {
			isa = PBXGroup;
			children = (
				DFF73B9328DE888000EF69D1 /* PeriodModel.swift */,
			);
			path = Models;
			sourceTree = "<group>";
		};
		DFF73B9628DE899400EF69D1 /* ViewModels */ = {
			isa = PBXGroup;
			children = (
				DFF73B9728DE89F900EF69D1 /* PeriodViewModel.swift */,
				DF616D45292C454800727CCB /* SignInViewModel.swift */,
			);
			path = ViewModels;
			sourceTree = "<group>";
		};
		DFF73B9928DE8A7D00EF69D1 /* Extensions */ = {
			isa = PBXGroup;
			children = (
				DFF73B9A28DE8A8700EF69D1 /* Extensions.swift */,
				DFCF684928E0B79400DE77DA /* ColorHandler.swift */,
			);
			path = Extensions;
			sourceTree = "<group>";
		};
/* End PBXGroup section */

/* Begin PBXNativeTarget section */
		DFF73B8028DE87D900EF69D1 /* SchoolSchedule */ = {
			isa = PBXNativeTarget;
			buildConfigurationList = DFF73B8F28DE87DA00EF69D1 /* Build configuration list for PBXNativeTarget "SchoolSchedule" */;
			buildPhases = (
				DFF73B7D28DE87D900EF69D1 /* Sources */,
				DFF73B7E28DE87D900EF69D1 /* Frameworks */,
				DFF73B7F28DE87D900EF69D1 /* Resources */,
			);
			buildRules = (
			);
			dependencies = (
			);
			name = SchoolSchedule;
			packageProductDependencies = (
				DF616D3A292C43C500727CCB /* FirebaseAnalytics */,
				DF616D3C292C43C500727CCB /* FirebaseAuth */,
				DF616D3E292C43C500727CCB /* FirebaseFirestore */,
				DF616D40292C43C500727CCB /* FirebaseStorage */,
			);
			productName = SchoolSchedule;
			productReference = DFF73B8128DE87D900EF69D1 /* SchoolSchedule.app */;
			productType = "com.apple.product-type.application";
		};
/* End PBXNativeTarget section */

/* Begin PBXProject section */
		DFF73B7928DE87D900EF69D1 /* Project object */ = {
			isa = PBXProject;
			attributes = {
				BuildIndependentTargetsInParallel = 1;
				LastSwiftUpdateCheck = 1400;
				LastUpgradeCheck = 1400;
				TargetAttributes = {
					DFF73B8028DE87D900EF69D1 = {
						CreatedOnToolsVersion = 14.0;
					};
				};
			};
			buildConfigurationList = DFF73B7C28DE87D900EF69D1 /* Build configuration list for PBXProject "SchoolSchedule" */;
			compatibilityVersion = "Xcode 14.0";
			developmentRegion = en;
			hasScannedForEncodings = 0;
			knownRegions = (
				en,
				Base,
			);
			mainGroup = DFF73B7828DE87D900EF69D1;
			packageReferences = (
				DF616D39292C43C500727CCB /* XCRemoteSwiftPackageReference "firebase-ios-sdk" */,
			);
			productRefGroup = DFF73B8228DE87D900EF69D1 /* Products */;
			projectDirPath = "";
			projectRoot = "";
			targets = (
				DFF73B8028DE87D900EF69D1 /* SchoolSchedule */,
			);
		};
/* End PBXProject section */

/* Begin PBXResourcesBuildPhase section */
		DFF73B7F28DE87D900EF69D1 /* Resources */ = {
			isa = PBXResourcesBuildPhase;
			buildActionMask = 2147483647;
			files = (
				DFF73B8C28DE87DA00EF69D1 /* Preview Assets.xcassets in Resources */,
				DF616D4A292C49B600727CCB /* GoogleService-Info.plist in Resources */,
				DFF73B8928DE87DA00EF69D1 /* Assets.xcassets in Resources */,
			);
			runOnlyForDeploymentPostprocessing = 0;
		};
/* End PBXResourcesBuildPhase section */

/* Begin PBXSourcesBuildPhase section */
		DFF73B7D28DE87D900EF69D1 /* Sources */ = {
			isa = PBXSourcesBuildPhase;
			buildActionMask = 2147483647;
			files = (
				DF23215629271FE2005D5698 /* StatsCardView.swift in Sources */,
				DF9BD55F28E24B1000C60E12 /* CurrentEventProgressText.swift in Sources */,
				DFA5807029298C2F000790A4 /* FilterTopBarSectionView.swift in Sources */,
				DF9BD56128E39CAF00C60E12 /* TopbarText.swift in Sources */,
				DF92E4192929BEF900DB0364 /* Modifiers.swift in Sources */,
				DFF73B9B28DE8A8700EF69D1 /* Extensions.swift in Sources */,
				DF2321582927208E005D5698 /* ProgressBarStatsView.swift in Sources */,
				DF4FCFA0292302A600D82824 /* CompletedCoursesCardView.swift in Sources */,
				DF616D46292C454800727CCB /* SignInViewModel.swift in Sources */,
				DFA4639E2920401500FC826B /* CourseIconView.swift in Sources */,
				DF616D57292D8D7200727CCB /* EmailCardView.swift in Sources */,
				DF92E4152929BABF00DB0364 /* DestinationView.swift in Sources */,
				DF9BD55D28E24A9A00C60E12 /* NextEventProgressText.swift in Sources */,
				DF9BD55828E248FE00C60E12 /* CurrentEventTopbarText.swift in Sources */,
				DFCF684A28E0B79400DE77DA /* ColorHandler.swift in Sources */,
				DFA463A02920764200FC826B /* CourseCardView.swift in Sources */,
				DF616D62292D905400727CCB /* SignUpView.swift in Sources */,
				DF616D5D292D8ED100727CCB /* LoginButtonView.swift in Sources */,
				DF082100291EBCF800FF4A75 /* SlideUpView.swift in Sources */,
				DF9B609128DF4DD100086E9E /* MainPage_FirstLayerView.swift in Sources */,
				DF616D5B292D8EA000727CCB /* OtherOptionsDividerView.swift in Sources */,
				DF616D5F292D8FB700727CCB /* TopInfoLoginView.swift in Sources */,
				DF616D52292D76E400727CCB /* SignInWithApple.swift in Sources */,
				DFF73B9428DE888000EF69D1 /* PeriodModel.swift in Sources */,
				DF4FCFA22923099400D82824 /* RemainingCoursesCardView.swift in Sources */,
				DF082104291EC7E800FF4A75 /* ProgressRingView.swift in Sources */,
				DFF73B8728DE87D900EF69D1 /* ContentView.swift in Sources */,
				DF87A66028DF65CC001CE6C6 /* ProgressRing.swift in Sources */,
				DF082102291EC5DF00FF4A75 /* MainPage.swift in Sources */,
				DF0820FE291EBB8600FF4A75 /* SlideUp.swift in Sources */,
				DF082106291FE7E500FF4A75 /* SlideUpCircle.swift in Sources */,
				DF0820FC291EBB4E00FF4A75 /* SlideUpViewModifier.swift in Sources */,
				DF92E4132929B9D100DB0364 /* TopNavBarViewModifier.swift in Sources */,
				DF9BD56328E3A59600C60E12 /* ProgressText.swift in Sources */,
				DFA463A42921960900FC826B /* CourseInfoView.swift in Sources */,
				DF616D50292D1AA500727CCB /* LoginView.swift in Sources */,
				DFA463A72921995A00FC826B /* DayProgressBarView.swift in Sources */,
				DF9BD55628E2489300C60E12 /* NoEventsTopbarText.swift in Sources */,
				DFF73B8528DE87D900EF69D1 /* SchoolScheduleApp.swift in Sources */,
				DFA463A22921957C00FC826B /* CourseTimeInfoView.swift in Sources */,
				DF4FCF9E2923023400D82824 /* StatsCardModifierView.swift in Sources */,
				DF9BD55228E247A600C60E12 /* NextEventTopbarText.swift in Sources */,
				DF9BD56528E3A63200C60E12 /* NoEventsProgressText.swift in Sources */,
				DFF73B9828DE89F900EF69D1 /* PeriodViewModel.swift in Sources */,
				DF92E4112929B83200DB0364 /* TopNavBar.swift in Sources */,
				DF616D59292D8E0600727CCB /* PasswordCardView.swift in Sources */,
				DF9BD55B28E249CA00C60E12 /* NoMoreEventsProgressText.swift in Sources */,
				DF616D4E292C559200727CCB /* MainSignInView.swift in Sources */,
				DF23215429271F5A005D5698 /* CourseFilterMenuView.swift in Sources */,
				DF9BD55428E2484F00C60E12 /* NoMoreEventsTopbarText.swift in Sources */,
			);
			runOnlyForDeploymentPostprocessing = 0;
		};
/* End PBXSourcesBuildPhase section */

/* Begin XCBuildConfiguration section */
		DFF73B8D28DE87DA00EF69D1 /* Debug */ = {
			isa = XCBuildConfiguration;
			buildSettings = {
				ALWAYS_SEARCH_USER_PATHS = NO;
				CLANG_ANALYZER_NONNULL = YES;
				CLANG_ANALYZER_NUMBER_OBJECT_CONVERSION = YES_AGGRESSIVE;
				CLANG_CXX_LANGUAGE_STANDARD = "gnu++20";
				CLANG_ENABLE_MODULES = YES;
				CLANG_ENABLE_OBJC_ARC = YES;
				CLANG_ENABLE_OBJC_WEAK = YES;
				CLANG_WARN_BLOCK_CAPTURE_AUTORELEASING = YES;
				CLANG_WARN_BOOL_CONVERSION = YES;
				CLANG_WARN_COMMA = YES;
				CLANG_WARN_CONSTANT_CONVERSION = YES;
				CLANG_WARN_DEPRECATED_OBJC_IMPLEMENTATIONS = YES;
				CLANG_WARN_DIRECT_OBJC_ISA_USAGE = YES_ERROR;
				CLANG_WARN_DOCUMENTATION_COMMENTS = YES;
				CLANG_WARN_EMPTY_BODY = YES;
				CLANG_WARN_ENUM_CONVERSION = YES;
				CLANG_WARN_INFINITE_RECURSION = YES;
				CLANG_WARN_INT_CONVERSION = YES;
				CLANG_WARN_NON_LITERAL_NULL_CONVERSION = YES;
				CLANG_WARN_OBJC_IMPLICIT_RETAIN_SELF = YES;
				CLANG_WARN_OBJC_LITERAL_CONVERSION = YES;
				CLANG_WARN_OBJC_ROOT_CLASS = YES_ERROR;
				CLANG_WARN_QUOTED_INCLUDE_IN_FRAMEWORK_HEADER = YES;
				CLANG_WARN_RANGE_LOOP_ANALYSIS = YES;
				CLANG_WARN_STRICT_PROTOTYPES = YES;
				CLANG_WARN_SUSPICIOUS_MOVE = YES;
				CLANG_WARN_UNGUARDED_AVAILABILITY = YES_AGGRESSIVE;
				CLANG_WARN_UNREACHABLE_CODE = YES;
				CLANG_WARN__DUPLICATE_METHOD_MATCH = YES;
				COPY_PHASE_STRIP = NO;
				DEBUG_INFORMATION_FORMAT = dwarf;
				ENABLE_STRICT_OBJC_MSGSEND = YES;
				ENABLE_TESTABILITY = YES;
				GCC_C_LANGUAGE_STANDARD = gnu11;
				GCC_DYNAMIC_NO_PIC = NO;
				GCC_NO_COMMON_BLOCKS = YES;
				GCC_OPTIMIZATION_LEVEL = 0;
				GCC_PREPROCESSOR_DEFINITIONS = (
					"DEBUG=1",
					"$(inherited)",
				);
				GCC_WARN_64_TO_32_BIT_CONVERSION = YES;
				GCC_WARN_ABOUT_RETURN_TYPE = YES_ERROR;
				GCC_WARN_UNDECLARED_SELECTOR = YES;
				GCC_WARN_UNINITIALIZED_AUTOS = YES_AGGRESSIVE;
				GCC_WARN_UNUSED_FUNCTION = YES;
				GCC_WARN_UNUSED_VARIABLE = YES;
				IPHONEOS_DEPLOYMENT_TARGET = 16.0;
				MTL_ENABLE_DEBUG_INFO = INCLUDE_SOURCE;
				MTL_FAST_MATH = YES;
				ONLY_ACTIVE_ARCH = YES;
				SDKROOT = iphoneos;
				SWIFT_ACTIVE_COMPILATION_CONDITIONS = DEBUG;
				SWIFT_OPTIMIZATION_LEVEL = "-Onone";
			};
			name = Debug;
		};
		DFF73B8E28DE87DA00EF69D1 /* Release */ = {
			isa = XCBuildConfiguration;
			buildSettings = {
				ALWAYS_SEARCH_USER_PATHS = NO;
				CLANG_ANALYZER_NONNULL = YES;
				CLANG_ANALYZER_NUMBER_OBJECT_CONVERSION = YES_AGGRESSIVE;
				CLANG_CXX_LANGUAGE_STANDARD = "gnu++20";
				CLANG_ENABLE_MODULES = YES;
				CLANG_ENABLE_OBJC_ARC = YES;
				CLANG_ENABLE_OBJC_WEAK = YES;
				CLANG_WARN_BLOCK_CAPTURE_AUTORELEASING = YES;
				CLANG_WARN_BOOL_CONVERSION = YES;
				CLANG_WARN_COMMA = YES;
				CLANG_WARN_CONSTANT_CONVERSION = YES;
				CLANG_WARN_DEPRECATED_OBJC_IMPLEMENTATIONS = YES;
				CLANG_WARN_DIRECT_OBJC_ISA_USAGE = YES_ERROR;
				CLANG_WARN_DOCUMENTATION_COMMENTS = YES;
				CLANG_WARN_EMPTY_BODY = YES;
				CLANG_WARN_ENUM_CONVERSION = YES;
				CLANG_WARN_INFINITE_RECURSION = YES;
				CLANG_WARN_INT_CONVERSION = YES;
				CLANG_WARN_NON_LITERAL_NULL_CONVERSION = YES;
				CLANG_WARN_OBJC_IMPLICIT_RETAIN_SELF = YES;
				CLANG_WARN_OBJC_LITERAL_CONVERSION = YES;
				CLANG_WARN_OBJC_ROOT_CLASS = YES_ERROR;
				CLANG_WARN_QUOTED_INCLUDE_IN_FRAMEWORK_HEADER = YES;
				CLANG_WARN_RANGE_LOOP_ANALYSIS = YES;
				CLANG_WARN_STRICT_PROTOTYPES = YES;
				CLANG_WARN_SUSPICIOUS_MOVE = YES;
				CLANG_WARN_UNGUARDED_AVAILABILITY = YES_AGGRESSIVE;
				CLANG_WARN_UNREACHABLE_CODE = YES;
				CLANG_WARN__DUPLICATE_METHOD_MATCH = YES;
				COPY_PHASE_STRIP = NO;
				DEBUG_INFORMATION_FORMAT = "dwarf-with-dsym";
				ENABLE_NS_ASSERTIONS = NO;
				ENABLE_STRICT_OBJC_MSGSEND = YES;
				GCC_C_LANGUAGE_STANDARD = gnu11;
				GCC_NO_COMMON_BLOCKS = YES;
				GCC_WARN_64_TO_32_BIT_CONVERSION = YES;
				GCC_WARN_ABOUT_RETURN_TYPE = YES_ERROR;
				GCC_WARN_UNDECLARED_SELECTOR = YES;
				GCC_WARN_UNINITIALIZED_AUTOS = YES_AGGRESSIVE;
				GCC_WARN_UNUSED_FUNCTION = YES;
				GCC_WARN_UNUSED_VARIABLE = YES;
				IPHONEOS_DEPLOYMENT_TARGET = 16.0;
				MTL_ENABLE_DEBUG_INFO = NO;
				MTL_FAST_MATH = YES;
				SDKROOT = iphoneos;
				SWIFT_COMPILATION_MODE = wholemodule;
				SWIFT_OPTIMIZATION_LEVEL = "-O";
				VALIDATE_PRODUCT = YES;
			};
			name = Release;
		};
		DFF73B9028DE87DA00EF69D1 /* Debug */ = {
			isa = XCBuildConfiguration;
			buildSettings = {
				ASSETCATALOG_COMPILER_APPICON_NAME = AppIcon;
				ASSETCATALOG_COMPILER_GLOBAL_ACCENT_COLOR_NAME = AccentColor;
				CODE_SIGN_STYLE = Automatic;
				CURRENT_PROJECT_VERSION = 1;
				DEVELOPMENT_ASSET_PATHS = "\"SchoolSchedule/Preview Content\"";
				DEVELOPMENT_TEAM = 7FRTJ9C37P;
				ENABLE_PREVIEWS = YES;
				GENERATE_INFOPLIST_FILE = YES;
				INFOPLIST_FILE = SchoolSchedule/Info.plist;
				INFOPLIST_KEY_UIApplicationSceneManifest_Generation = YES;
				INFOPLIST_KEY_UIApplicationSupportsIndirectInputEvents = YES;
				INFOPLIST_KEY_UILaunchScreen_Generation = YES;
				INFOPLIST_KEY_UIStatusBarStyle = UIStatusBarStyleLightContent;
				INFOPLIST_KEY_UISupportedInterfaceOrientations = "";
				INFOPLIST_KEY_UISupportedInterfaceOrientations_iPad = "UIInterfaceOrientationPortrait UIInterfaceOrientationPortraitUpsideDown UIInterfaceOrientationLandscapeLeft UIInterfaceOrientationLandscapeRight";
				INFOPLIST_KEY_UISupportedInterfaceOrientations_iPhone = UIInterfaceOrientationPortrait;
				LD_RUNPATH_SEARCH_PATHS = (
					"$(inherited)",
					"@executable_path/Frameworks",
				);
				MARKETING_VERSION = 1.0;
				PRODUCT_BUNDLE_IDENTIFIER = com.AriReitman.SchoolSchedule;
				PRODUCT_NAME = "$(TARGET_NAME)";
				SWIFT_EMIT_LOC_STRINGS = YES;
				SWIFT_VERSION = 5.0;
				TARGETED_DEVICE_FAMILY = "1,2";
			};
			name = Debug;
		};
		DFF73B9128DE87DA00EF69D1 /* Release */ = {
			isa = XCBuildConfiguration;
			buildSettings = {
				ASSETCATALOG_COMPILER_APPICON_NAME = AppIcon;
				ASSETCATALOG_COMPILER_GLOBAL_ACCENT_COLOR_NAME = AccentColor;
				CODE_SIGN_STYLE = Automatic;
				CURRENT_PROJECT_VERSION = 1;
				DEVELOPMENT_ASSET_PATHS = "\"SchoolSchedule/Preview Content\"";
				DEVELOPMENT_TEAM = 7FRTJ9C37P;
				ENABLE_PREVIEWS = YES;
				GENERATE_INFOPLIST_FILE = YES;
				INFOPLIST_FILE = SchoolSchedule/Info.plist;
				INFOPLIST_KEY_UIApplicationSceneManifest_Generation = YES;
				INFOPLIST_KEY_UIApplicationSupportsIndirectInputEvents = YES;
				INFOPLIST_KEY_UILaunchScreen_Generation = YES;
				INFOPLIST_KEY_UIStatusBarStyle = UIStatusBarStyleLightContent;
				INFOPLIST_KEY_UISupportedInterfaceOrientations = "";
				INFOPLIST_KEY_UISupportedInterfaceOrientations_iPad = "UIInterfaceOrientationPortrait UIInterfaceOrientationPortraitUpsideDown UIInterfaceOrientationLandscapeLeft UIInterfaceOrientationLandscapeRight";
				INFOPLIST_KEY_UISupportedInterfaceOrientations_iPhone = UIInterfaceOrientationPortrait;
				LD_RUNPATH_SEARCH_PATHS = (
					"$(inherited)",
					"@executable_path/Frameworks",
				);
				MARKETING_VERSION = 1.0;
				PRODUCT_BUNDLE_IDENTIFIER = com.AriReitman.SchoolSchedule;
				PRODUCT_NAME = "$(TARGET_NAME)";
				SWIFT_EMIT_LOC_STRINGS = YES;
				SWIFT_VERSION = 5.0;
				TARGETED_DEVICE_FAMILY = "1,2";
			};
			name = Release;
		};
/* End XCBuildConfiguration section */

/* Begin XCConfigurationList section */
		DFF73B7C28DE87D900EF69D1 /* Build configuration list for PBXProject "SchoolSchedule" */ = {
			isa = XCConfigurationList;
			buildConfigurations = (
				DFF73B8D28DE87DA00EF69D1 /* Debug */,
				DFF73B8E28DE87DA00EF69D1 /* Release */,
			);
			defaultConfigurationIsVisible = 0;
			defaultConfigurationName = Release;
		};
		DFF73B8F28DE87DA00EF69D1 /* Build configuration list for PBXNativeTarget "SchoolSchedule" */ = {
			isa = XCConfigurationList;
			buildConfigurations = (
				DFF73B9028DE87DA00EF69D1 /* Debug */,
				DFF73B9128DE87DA00EF69D1 /* Release */,
			);
			defaultConfigurationIsVisible = 0;
			defaultConfigurationName = Release;
		};
/* End XCConfigurationList section */

/* Begin XCRemoteSwiftPackageReference section */
		DF616D39292C43C500727CCB /* XCRemoteSwiftPackageReference "firebase-ios-sdk" */ = {
			isa = XCRemoteSwiftPackageReference;
			repositoryURL = "https://github.com/firebase/firebase-ios-sdk";
			requirement = {
				branch = master;
				kind = branch;
			};
		};
/* End XCRemoteSwiftPackageReference section */

/* Begin XCSwiftPackageProductDependency section */
		DF616D3A292C43C500727CCB /* FirebaseAnalytics */ = {
			isa = XCSwiftPackageProductDependency;
			package = DF616D39292C43C500727CCB /* XCRemoteSwiftPackageReference "firebase-ios-sdk" */;
			productName = FirebaseAnalytics;
		};
		DF616D3C292C43C500727CCB /* FirebaseAuth */ = {
			isa = XCSwiftPackageProductDependency;
			package = DF616D39292C43C500727CCB /* XCRemoteSwiftPackageReference "firebase-ios-sdk" */;
			productName = FirebaseAuth;
		};
		DF616D3E292C43C500727CCB /* FirebaseFirestore */ = {
			isa = XCSwiftPackageProductDependency;
			package = DF616D39292C43C500727CCB /* XCRemoteSwiftPackageReference "firebase-ios-sdk" */;
			productName = FirebaseFirestore;
		};
		DF616D40292C43C500727CCB /* FirebaseStorage */ = {
			isa = XCSwiftPackageProductDependency;
			package = DF616D39292C43C500727CCB /* XCRemoteSwiftPackageReference "firebase-ios-sdk" */;
			productName = FirebaseStorage;
		};
/* End XCSwiftPackageProductDependency section */
	};
	rootObject = DFF73B7928DE87D900EF69D1 /* Project object */;
}
